// !$*UTF8*$!
{
	archiveVersion = 1;
	classes = {
	};
	objectVersion = 51;
	objects = {

/* Begin PBXBuildFile section */
		0C0CA77A265EF4D20062FDDD /* UIImage+resized.swift in Sources */ = {isa = PBXBuildFile; fileRef = 0C0CA779265EF4D20062FDDD /* UIImage+resized.swift */; };
		0C0CA77E265F01BE0062FDDD /* PaymentPaymentView.swift in Sources */ = {isa = PBXBuildFile; fileRef = 0C0CA77D265F01BE0062FDDD /* PaymentPaymentView.swift */; };
		0C0CA781265F01F10062FDDD /* RequestPaymentView.swift in Sources */ = {isa = PBXBuildFile; fileRef = 0C0CA780265F01F10062FDDD /* RequestPaymentView.swift */; };
		0C0CA784265F08CD0062FDDD /* MemberPicker.swift in Sources */ = {isa = PBXBuildFile; fileRef = 0C0CA783265F08CD0062FDDD /* MemberPicker.swift */; };
		0C2A0587265CAA44002BD46D /* splitApp.swift in Sources */ = {isa = PBXBuildFile; fileRef = 0C2A0586265CAA44002BD46D /* splitApp.swift */; };
		0C2A0589265CAA44002BD46D /* Main.swift in Sources */ = {isa = PBXBuildFile; fileRef = 0C2A0588265CAA44002BD46D /* Main.swift */; };
		0C2A058B265CAA44002BD46D /* Assets.xcassets in Resources */ = {isa = PBXBuildFile; fileRef = 0C2A058A265CAA44002BD46D /* Assets.xcassets */; };
		0C2A058E265CAA44002BD46D /* Preview Assets.xcassets in Resources */ = {isa = PBXBuildFile; fileRef = 0C2A058D265CAA44002BD46D /* Preview Assets.xcassets */; };
		0C2A0597265CB08E002BD46D /* GoogleService-Info.plist in Resources */ = {isa = PBXBuildFile; fileRef = 0C2A0596265CB08E002BD46D /* GoogleService-Info.plist */; };
		0C2A059D265CB123002BD46D /* Fetch.swift in Sources */ = {isa = PBXBuildFile; fileRef = 0C2A059C265CB123002BD46D /* Fetch.swift */; };
		0C2A05A0265CB17D002BD46D /* House.swift in Sources */ = {isa = PBXBuildFile; fileRef = 0C2A059F265CB17D002BD46D /* House.swift */; };
		0C625972265EA868002E58A3 /* Payment.swift in Sources */ = {isa = PBXBuildFile; fileRef = 0C625971265EA868002E58A3 /* Payment.swift */; };
		0C625979265EAF07002E58A3 /* ActivityPaymentCell.swift in Sources */ = {isa = PBXBuildFile; fileRef = 0C625978265EAF07002E58A3 /* ActivityPaymentCell.swift */; };
		0C625991265EB440002E58A3 /* HeaderText.swift in Sources */ = {isa = PBXBuildFile; fileRef = 0C625990265EB440002E58A3 /* HeaderText.swift */; };
		0C64FECD265EC57F009B0C3C /* GeneralPaymentCell.swift in Sources */ = {isa = PBXBuildFile; fileRef = 0C64FECC265EC57F009B0C3C /* GeneralPaymentCell.swift */; };
		0C64FED0265ECB87009B0C3C /* TimeBar.swift in Sources */ = {isa = PBXBuildFile; fileRef = 0C64FECF265ECB87009B0C3C /* TimeBar.swift */; };
		0C64FED3265ED9F4009B0C3C /* ActivityRequestCell.swift in Sources */ = {isa = PBXBuildFile; fileRef = 0C64FED2265ED9F4009B0C3C /* ActivityRequestCell.swift */; };
		0C64FED6265EDA9E009B0C3C /* GeneralRequestCell.swift in Sources */ = {isa = PBXBuildFile; fileRef = 0C64FED5265EDA9E009B0C3C /* GeneralRequestCell.swift */; };
		0C64FEDA265EED43009B0C3C /* ImagePicker.swift in Sources */ = {isa = PBXBuildFile; fileRef = 0C64FED9265EED43009B0C3C /* ImagePicker.swift */; };
		0C951305265DAE6D005398CF /* Member.swift in Sources */ = {isa = PBXBuildFile; fileRef = 0C951304265DAE6D005398CF /* Member.swift */; };
		0C95131E265DB7C0005398CF /* MemberCell.swift in Sources */ = {isa = PBXBuildFile; fileRef = 0C95131D265DB7C0005398CF /* MemberCell.swift */; };
		0CBF09F4265D8F140016CA92 /* ActivityView.swift in Sources */ = {isa = PBXBuildFile; fileRef = 0CBF09F3265D8F140016CA92 /* ActivityView.swift */; };
		0CBF09F7265D8F370016CA92 /* MembersView.swift in Sources */ = {isa = PBXBuildFile; fileRef = 0CBF09F6265D8F370016CA92 /* MembersView.swift */; };
		0CBF09FA265D8F510016CA92 /* ProfileView.swift in Sources */ = {isa = PBXBuildFile; fileRef = 0CBF09F9265D8F510016CA92 /* ProfileView.swift */; };
		0CBF09FD265D8F730016CA92 /* PaymentView.swift in Sources */ = {isa = PBXBuildFile; fileRef = 0CBF09FC265D8F730016CA92 /* PaymentView.swift */; };
		0CBF0A00265D91640016CA92 /* TabsView.swift in Sources */ = {isa = PBXBuildFile; fileRef = 0CBF09FF265D91640016CA92 /* TabsView.swift */; };
		0CBF0A03265D91B00016CA92 /* TabBar.swift in Sources */ = {isa = PBXBuildFile; fileRef = 0CBF0A02265D91B00016CA92 /* TabBar.swift */; };
		0CEE3827265E16700013BB12 /* MemberDetailsView.swift in Sources */ = {isa = PBXBuildFile; fileRef = 0CEE3826265E16700013BB12 /* MemberDetailsView.swift */; };
		0CEE382E265E1CE00013BB12 /* MemberPaymentInfoView.swift in Sources */ = {isa = PBXBuildFile; fileRef = 0CEE382D265E1CE00013BB12 /* MemberPaymentInfoView.swift */; };
		132F49AA823DFC8AA083EE3B /* Pods_split.framework in Frameworks */ = {isa = PBXBuildFile; fileRef = 7E100A50CE241C4E840D427C /* Pods_split.framework */; };
/* End PBXBuildFile section */

/* Begin PBXFileReference section */
		0C0CA779265EF4D20062FDDD /* UIImage+resized.swift */ = {isa = PBXFileReference; lastKnownFileType = sourcecode.swift; path = "UIImage+resized.swift"; sourceTree = "<group>"; };
		0C0CA77D265F01BE0062FDDD /* PaymentPaymentView.swift */ = {isa = PBXFileReference; lastKnownFileType = sourcecode.swift; path = PaymentPaymentView.swift; sourceTree = "<group>"; };
		0C0CA780265F01F10062FDDD /* RequestPaymentView.swift */ = {isa = PBXFileReference; lastKnownFileType = sourcecode.swift; path = RequestPaymentView.swift; sourceTree = "<group>"; };
		0C0CA783265F08CD0062FDDD /* MemberPicker.swift */ = {isa = PBXFileReference; lastKnownFileType = sourcecode.swift; path = MemberPicker.swift; sourceTree = "<group>"; };
		0C2A0583265CAA44002BD46D /* split.app */ = {isa = PBXFileReference; explicitFileType = wrapper.application; includeInIndex = 0; path = split.app; sourceTree = BUILT_PRODUCTS_DIR; };
		0C2A0586265CAA44002BD46D /* splitApp.swift */ = {isa = PBXFileReference; lastKnownFileType = sourcecode.swift; path = splitApp.swift; sourceTree = "<group>"; };
		0C2A0588265CAA44002BD46D /* Main.swift */ = {isa = PBXFileReference; lastKnownFileType = sourcecode.swift; path = Main.swift; sourceTree = "<group>"; };
		0C2A058A265CAA44002BD46D /* Assets.xcassets */ = {isa = PBXFileReference; lastKnownFileType = folder.assetcatalog; path = Assets.xcassets; sourceTree = "<group>"; };
		0C2A058D265CAA44002BD46D /* Preview Assets.xcassets */ = {isa = PBXFileReference; lastKnownFileType = folder.assetcatalog; path = "Preview Assets.xcassets"; sourceTree = "<group>"; };
		0C2A058F265CAA44002BD46D /* Info.plist */ = {isa = PBXFileReference; lastKnownFileType = text.plist.xml; path = Info.plist; sourceTree = "<group>"; };
		0C2A0596265CB08E002BD46D /* GoogleService-Info.plist */ = {isa = PBXFileReference; fileEncoding = 4; lastKnownFileType = text.plist.xml; path = "GoogleService-Info.plist"; sourceTree = "<group>"; };
		0C2A059C265CB123002BD46D /* Fetch.swift */ = {isa = PBXFileReference; lastKnownFileType = sourcecode.swift; path = Fetch.swift; sourceTree = "<group>"; };
		0C2A059F265CB17D002BD46D /* House.swift */ = {isa = PBXFileReference; lastKnownFileType = sourcecode.swift; path = House.swift; sourceTree = "<group>"; };
		0C625971265EA868002E58A3 /* Payment.swift */ = {isa = PBXFileReference; lastKnownFileType = sourcecode.swift; path = Payment.swift; sourceTree = "<group>"; };
		0C625978265EAF07002E58A3 /* ActivityPaymentCell.swift */ = {isa = PBXFileReference; lastKnownFileType = sourcecode.swift; path = ActivityPaymentCell.swift; sourceTree = "<group>"; };
		0C625990265EB440002E58A3 /* HeaderText.swift */ = {isa = PBXFileReference; lastKnownFileType = sourcecode.swift; path = HeaderText.swift; sourceTree = "<group>"; };
		0C64FECC265EC57F009B0C3C /* GeneralPaymentCell.swift */ = {isa = PBXFileReference; lastKnownFileType = sourcecode.swift; path = GeneralPaymentCell.swift; sourceTree = "<group>"; };
		0C64FECF265ECB87009B0C3C /* TimeBar.swift */ = {isa = PBXFileReference; lastKnownFileType = sourcecode.swift; path = TimeBar.swift; sourceTree = "<group>"; };
		0C64FED2265ED9F4009B0C3C /* ActivityRequestCell.swift */ = {isa = PBXFileReference; lastKnownFileType = sourcecode.swift; path = ActivityRequestCell.swift; sourceTree = "<group>"; };
		0C64FED5265EDA9E009B0C3C /* GeneralRequestCell.swift */ = {isa = PBXFileReference; lastKnownFileType = sourcecode.swift; path = GeneralRequestCell.swift; sourceTree = "<group>"; };
		0C64FED9265EED43009B0C3C /* ImagePicker.swift */ = {isa = PBXFileReference; lastKnownFileType = sourcecode.swift; path = ImagePicker.swift; sourceTree = "<group>"; };
		0C951304265DAE6D005398CF /* Member.swift */ = {isa = PBXFileReference; lastKnownFileType = sourcecode.swift; path = Member.swift; sourceTree = "<group>"; };
		0C95131D265DB7C0005398CF /* MemberCell.swift */ = {isa = PBXFileReference; lastKnownFileType = sourcecode.swift; path = MemberCell.swift; sourceTree = "<group>"; };
		0CBF09F3265D8F140016CA92 /* ActivityView.swift */ = {isa = PBXFileReference; lastKnownFileType = sourcecode.swift; path = ActivityView.swift; sourceTree = "<group>"; };
		0CBF09F6265D8F370016CA92 /* MembersView.swift */ = {isa = PBXFileReference; lastKnownFileType = sourcecode.swift; path = MembersView.swift; sourceTree = "<group>"; };
		0CBF09F9265D8F510016CA92 /* ProfileView.swift */ = {isa = PBXFileReference; lastKnownFileType = sourcecode.swift; path = ProfileView.swift; sourceTree = "<group>"; };
		0CBF09FC265D8F730016CA92 /* PaymentView.swift */ = {isa = PBXFileReference; lastKnownFileType = sourcecode.swift; path = PaymentView.swift; sourceTree = "<group>"; };
		0CBF09FF265D91640016CA92 /* TabsView.swift */ = {isa = PBXFileReference; lastKnownFileType = sourcecode.swift; path = TabsView.swift; sourceTree = "<group>"; };
		0CBF0A02265D91B00016CA92 /* TabBar.swift */ = {isa = PBXFileReference; lastKnownFileType = sourcecode.swift; path = TabBar.swift; sourceTree = "<group>"; };
		0CEE3826265E16700013BB12 /* MemberDetailsView.swift */ = {isa = PBXFileReference; lastKnownFileType = sourcecode.swift; path = MemberDetailsView.swift; sourceTree = "<group>"; };
		0CEE382D265E1CE00013BB12 /* MemberPaymentInfoView.swift */ = {isa = PBXFileReference; lastKnownFileType = sourcecode.swift; path = MemberPaymentInfoView.swift; sourceTree = "<group>"; };
		37CF35A79FC800A57BDBA14D /* Pods-split.debug.xcconfig */ = {isa = PBXFileReference; includeInIndex = 1; lastKnownFileType = text.xcconfig; name = "Pods-split.debug.xcconfig"; path = "Target Support Files/Pods-split/Pods-split.debug.xcconfig"; sourceTree = "<group>"; };
		7E100A50CE241C4E840D427C /* Pods_split.framework */ = {isa = PBXFileReference; explicitFileType = wrapper.framework; includeInIndex = 0; path = Pods_split.framework; sourceTree = BUILT_PRODUCTS_DIR; };
		C7229B8DBEBC89A2484287EE /* Pods-split.release.xcconfig */ = {isa = PBXFileReference; includeInIndex = 1; lastKnownFileType = text.xcconfig; name = "Pods-split.release.xcconfig"; path = "Target Support Files/Pods-split/Pods-split.release.xcconfig"; sourceTree = "<group>"; };
/* End PBXFileReference section */

/* Begin PBXFrameworksBuildPhase section */
		0C2A0580265CAA44002BD46D /* Frameworks */ = {
			isa = PBXFrameworksBuildPhase;
			buildActionMask = 2147483647;
			files = (
				132F49AA823DFC8AA083EE3B /* Pods_split.framework in Frameworks */,
			);
			runOnlyForDeploymentPostprocessing = 0;
		};
/* End PBXFrameworksBuildPhase section */

/* Begin PBXGroup section */
		0C0CA778265EF4BF0062FDDD /* Extensions */ = {
			isa = PBXGroup;
			children = (
				0C0CA779265EF4D20062FDDD /* UIImage+resized.swift */,
			);
			path = Extensions;
			sourceTree = "<group>";
		};
		0C2A057A265CAA44002BD46D = {
			isa = PBXGroup;
			children = (
				0C2A0585265CAA44002BD46D /* split */,
				0C2A0584265CAA44002BD46D /* Products */,
				CF8DBBB01192A25A38E58444 /* Pods */,
				C5EC9E3787CE2B40007F8291 /* Frameworks */,
			);
			sourceTree = "<group>";
		};
		0C2A0584265CAA44002BD46D /* Products */ = {
			isa = PBXGroup;
			children = (
				0C2A0583265CAA44002BD46D /* split.app */,
			);
			name = Products;
			sourceTree = "<group>";
		};
		0C2A0585265CAA44002BD46D /* split */ = {
			isa = PBXGroup;
			children = (
				0C2A0586265CAA44002BD46D /* splitApp.swift */,
				0C0CA778265EF4BF0062FDDD /* Extensions */,
				0C2A059B265CB0FB002BD46D /* Models */,
				0C2A059A265CB0F7002BD46D /* Views */,
				0C2A058A265CAA44002BD46D /* Assets.xcassets */,
				0C2A0596265CB08E002BD46D /* GoogleService-Info.plist */,
				0C2A058F265CAA44002BD46D /* Info.plist */,
				0C2A058C265CAA44002BD46D /* Preview Content */,
			);
			path = split;
			sourceTree = "<group>";
		};
		0C2A058C265CAA44002BD46D /* Preview Content */ = {
			isa = PBXGroup;
			children = (
				0C2A058D265CAA44002BD46D /* Preview Assets.xcassets */,
			);
			path = "Preview Content";
			sourceTree = "<group>";
		};
		0C2A059A265CB0F7002BD46D /* Views */ = {
			isa = PBXGroup;
			children = (
				0C2A0588265CAA44002BD46D /* Main.swift */,
				0C64FED9265EED43009B0C3C /* ImagePicker.swift */,
				0C625990265EB440002E58A3 /* HeaderText.swift */,
				0C625970265EA855002E58A3 /* Payments */,
				0CEE3829265E167C0013BB12 /* Members */,
				0CEE382B265E16880013BB12 /* Tabs */,
				0C625976265EAE58002E58A3 /* Activity */,
				0CBF09F9265D8F510016CA92 /* ProfileView.swift */,
			);
			path = Views;
			sourceTree = "<group>";
		};
		0C2A059B265CB0FB002BD46D /* Models */ = {
			isa = PBXGroup;
			children = (
				0C2A059C265CB123002BD46D /* Fetch.swift */,
				0C625971265EA868002E58A3 /* Payment.swift */,
				0C951304265DAE6D005398CF /* Member.swift */,
				0C2A059F265CB17D002BD46D /* House.swift */,
			);
			path = Models;
			sourceTree = "<group>";
		};
		0C625970265EA855002E58A3 /* Payments */ = {
			isa = PBXGroup;
			children = (
				0CBF09FC265D8F730016CA92 /* PaymentView.swift */,
				0C0CA780265F01F10062FDDD /* RequestPaymentView.swift */,
				0C0CA77D265F01BE0062FDDD /* PaymentPaymentView.swift */,
				0C64FECC265EC57F009B0C3C /* GeneralPaymentCell.swift */,
				0C64FED5265EDA9E009B0C3C /* GeneralRequestCell.swift */,
			);
			path = Payments;
			sourceTree = "<group>";
		};
		0C625976265EAE58002E58A3 /* Activity */ = {
			isa = PBXGroup;
			children = (
				0CBF09F3265D8F140016CA92 /* ActivityView.swift */,
				0C625978265EAF07002E58A3 /* ActivityPaymentCell.swift */,
				0C64FED2265ED9F4009B0C3C /* ActivityRequestCell.swift */,
				0C64FECF265ECB87009B0C3C /* TimeBar.swift */,
			);
			path = Activity;
			sourceTree = "<group>";
		};
		0CEE3829265E167C0013BB12 /* Members */ = {
			isa = PBXGroup;
			children = (
				0C0CA783265F08CD0062FDDD /* MemberPicker.swift */,
				0C95131D265DB7C0005398CF /* MemberCell.swift */,
				0CBF09F6265D8F370016CA92 /* MembersView.swift */,
				0CEE382D265E1CE00013BB12 /* MemberPaymentInfoView.swift */,
				0CEE3826265E16700013BB12 /* MemberDetailsView.swift */,
			);
			path = Members;
			sourceTree = "<group>";
		};
		0CEE382B265E16880013BB12 /* Tabs */ = {
			isa = PBXGroup;
			children = (
				0CBF0A02265D91B00016CA92 /* TabBar.swift */,
				0CBF09FF265D91640016CA92 /* TabsView.swift */,
			);
			path = Tabs;
			sourceTree = "<group>";
		};
		C5EC9E3787CE2B40007F8291 /* Frameworks */ = {
			isa = PBXGroup;
			children = (
				7E100A50CE241C4E840D427C /* Pods_split.framework */,
			);
			name = Frameworks;
			sourceTree = "<group>";
		};
		CF8DBBB01192A25A38E58444 /* Pods */ = {
			isa = PBXGroup;
			children = (
				37CF35A79FC800A57BDBA14D /* Pods-split.debug.xcconfig */,
				C7229B8DBEBC89A2484287EE /* Pods-split.release.xcconfig */,
			);
			path = Pods;
			sourceTree = "<group>";
		};
/* End PBXGroup section */

/* Begin PBXNativeTarget section */
		0C2A0582265CAA44002BD46D /* split */ = {
			isa = PBXNativeTarget;
			buildConfigurationList = 0C2A0592265CAA44002BD46D /* Build configuration list for PBXNativeTarget "split" */;
			buildPhases = (
				33484D0D20989EB7C30AA7F7 /* [CP] Check Pods Manifest.lock */,
				0C2A057F265CAA44002BD46D /* Sources */,
				0C2A0580265CAA44002BD46D /* Frameworks */,
				0C2A0581265CAA44002BD46D /* Resources */,
				9C80AD5B75ACA28694F9F32C /* [CP] Embed Pods Frameworks */,
			);
			buildRules = (
			);
			dependencies = (
			);
			name = split;
			productName = split;
			productReference = 0C2A0583265CAA44002BD46D /* split.app */;
			productType = "com.apple.product-type.application";
		};
/* End PBXNativeTarget section */

/* Begin PBXProject section */
		0C2A057B265CAA44002BD46D /* Project object */ = {
			isa = PBXProject;
			attributes = {
				LastSwiftUpdateCheck = 1240;
				LastUpgradeCheck = 1240;
				TargetAttributes = {
					0C2A0582265CAA44002BD46D = {
						CreatedOnToolsVersion = 12.4;
					};
				};
			};
			buildConfigurationList = 0C2A057E265CAA44002BD46D /* Build configuration list for PBXProject "split" */;
			compatibilityVersion = "Xcode 9.3";
			developmentRegion = en;
			hasScannedForEncodings = 0;
			knownRegions = (
				en,
				Base,
			);
			mainGroup = 0C2A057A265CAA44002BD46D;
			productRefGroup = 0C2A0584265CAA44002BD46D /* Products */;
			projectDirPath = "";
			projectRoot = "";
			targets = (
				0C2A0582265CAA44002BD46D /* split */,
			);
		};
/* End PBXProject section */

/* Begin PBXResourcesBuildPhase section */
		0C2A0581265CAA44002BD46D /* Resources */ = {
			isa = PBXResourcesBuildPhase;
			buildActionMask = 2147483647;
			files = (
				0C2A058E265CAA44002BD46D /* Preview Assets.xcassets in Resources */,
				0C2A058B265CAA44002BD46D /* Assets.xcassets in Resources */,
				0C2A0597265CB08E002BD46D /* GoogleService-Info.plist in Resources */,
			);
			runOnlyForDeploymentPostprocessing = 0;
		};
/* End PBXResourcesBuildPhase section */

/* Begin PBXShellScriptBuildPhase section */
		33484D0D20989EB7C30AA7F7 /* [CP] Check Pods Manifest.lock */ = {
			isa = PBXShellScriptBuildPhase;
			buildActionMask = 2147483647;
			files = (
			);
			inputFileListPaths = (
			);
			inputPaths = (
				"${PODS_PODFILE_DIR_PATH}/Podfile.lock",
				"${PODS_ROOT}/Manifest.lock",
			);
			name = "[CP] Check Pods Manifest.lock";
			outputFileListPaths = (
			);
			outputPaths = (
				"$(DERIVED_FILE_DIR)/Pods-split-checkManifestLockResult.txt",
			);
			runOnlyForDeploymentPostprocessing = 0;
			shellPath = /bin/sh;
			shellScript = "diff \"${PODS_PODFILE_DIR_PATH}/Podfile.lock\" \"${PODS_ROOT}/Manifest.lock\" > /dev/null\nif [ $? != 0 ] ; then\n    # print error to STDERR\n    echo \"error: The sandbox is not in sync with the Podfile.lock. Run 'pod install' or update your CocoaPods installation.\" >&2\n    exit 1\nfi\n# This output is used by Xcode 'outputs' to avoid re-running this script phase.\necho \"SUCCESS\" > \"${SCRIPT_OUTPUT_FILE_0}\"\n";
			showEnvVarsInLog = 0;
		};
		9C80AD5B75ACA28694F9F32C /* [CP] Embed Pods Frameworks */ = {
			isa = PBXShellScriptBuildPhase;
			buildActionMask = 2147483647;
			files = (
			);
			inputFileListPaths = (
				"${PODS_ROOT}/Target Support Files/Pods-split/Pods-split-frameworks-${CONFIGURATION}-input-files.xcfilelist",
			);
			name = "[CP] Embed Pods Frameworks";
			outputFileListPaths = (
				"${PODS_ROOT}/Target Support Files/Pods-split/Pods-split-frameworks-${CONFIGURATION}-output-files.xcfilelist",
			);
			runOnlyForDeploymentPostprocessing = 0;
			shellPath = /bin/sh;
			shellScript = "\"${PODS_ROOT}/Target Support Files/Pods-split/Pods-split-frameworks.sh\"\n";
			showEnvVarsInLog = 0;
		};
/* End PBXShellScriptBuildPhase section */

/* Begin PBXSourcesBuildPhase section */
		0C2A057F265CAA44002BD46D /* Sources */ = {
			isa = PBXSourcesBuildPhase;
			buildActionMask = 2147483647;
			files = (
				0C2A059D265CB123002BD46D /* Fetch.swift in Sources */,
				0C64FED6265EDA9E009B0C3C /* GeneralRequestCell.swift in Sources */,
				0C2A0589265CAA44002BD46D /* Main.swift in Sources */,
				0CBF09F7265D8F370016CA92 /* MembersView.swift in Sources */,
				0C2A05A0265CB17D002BD46D /* House.swift in Sources */,
				0C625972265EA868002E58A3 /* Payment.swift in Sources */,
				0CBF09F4265D8F140016CA92 /* ActivityView.swift in Sources */,
				0C64FEDA265EED43009B0C3C /* ImagePicker.swift in Sources */,
				0C0CA77A265EF4D20062FDDD /* UIImage+resized.swift in Sources */,
				0C625991265EB440002E58A3 /* HeaderText.swift in Sources */,
				0C0CA77E265F01BE0062FDDD /* PaymentPaymentView.swift in Sources */,
				0C0CA784265F08CD0062FDDD /* MemberPicker.swift in Sources */,
				0CBF09FD265D8F730016CA92 /* PaymentView.swift in Sources */,
				0CEE3827265E16700013BB12 /* MemberDetailsView.swift in Sources */,
				0CBF0A00265D91640016CA92 /* TabsView.swift in Sources */,
				0C0CA781265F01F10062FDDD /* RequestPaymentView.swift in Sources */,
				0C64FED3265ED9F4009B0C3C /* ActivityRequestCell.swift in Sources */,
				0C95131E265DB7C0005398CF /* MemberCell.swift in Sources */,
				0CBF09FA265D8F510016CA92 /* ProfileView.swift in Sources */,
				0C2A0587265CAA44002BD46D /* splitApp.swift in Sources */,
				0CBF0A03265D91B00016CA92 /* TabBar.swift in Sources */,
				0C951305265DAE6D005398CF /* Member.swift in Sources */,
				0C64FECD265EC57F009B0C3C /* GeneralPaymentCell.swift in Sources */,
				0CEE382E265E1CE00013BB12 /* MemberPaymentInfoView.swift in Sources */,
				0C64FED0265ECB87009B0C3C /* TimeBar.swift in Sources */,
				0C625979265EAF07002E58A3 /* ActivityPaymentCell.swift in Sources */,
			);
			runOnlyForDeploymentPostprocessing = 0;
		};
/* End PBXSourcesBuildPhase section */

/* Begin XCBuildConfiguration section */
		0C2A0590265CAA44002BD46D /* Debug */ = {
			isa = XCBuildConfiguration;
			buildSettings = {
				ALWAYS_SEARCH_USER_PATHS = NO;
				CLANG_ANALYZER_NONNULL = YES;
				CLANG_ANALYZER_NUMBER_OBJECT_CONVERSION = YES_AGGRESSIVE;
				CLANG_CXX_LANGUAGE_STANDARD = "gnu++14";
				CLANG_CXX_LIBRARY = "libc++";
				CLANG_ENABLE_MODULES = YES;
				CLANG_ENABLE_OBJC_ARC = YES;
				CLANG_ENABLE_OBJC_WEAK = YES;
				CLANG_WARN_BLOCK_CAPTURE_AUTORELEASING = YES;
				CLANG_WARN_BOOL_CONVERSION = YES;
				CLANG_WARN_COMMA = YES;
				CLANG_WARN_CONSTANT_CONVERSION = YES;
				CLANG_WARN_DEPRECATED_OBJC_IMPLEMENTATIONS = YES;
				CLANG_WARN_DIRECT_OBJC_ISA_USAGE = YES_ERROR;
				CLANG_WARN_DOCUMENTATION_COMMENTS = YES;
				CLANG_WARN_EMPTY_BODY = YES;
				CLANG_WARN_ENUM_CONVERSION = YES;
				CLANG_WARN_INFINITE_RECURSION = YES;
				CLANG_WARN_INT_CONVERSION = YES;
				CLANG_WARN_NON_LITERAL_NULL_CONVERSION = YES;
				CLANG_WARN_OBJC_IMPLICIT_RETAIN_SELF = YES;
				CLANG_WARN_OBJC_LITERAL_CONVERSION = YES;
				CLANG_WARN_OBJC_ROOT_CLASS = YES_ERROR;
				CLANG_WARN_QUOTED_INCLUDE_IN_FRAMEWORK_HEADER = YES;
				CLANG_WARN_RANGE_LOOP_ANALYSIS = YES;
				CLANG_WARN_STRICT_PROTOTYPES = YES;
				CLANG_WARN_SUSPICIOUS_MOVE = YES;
				CLANG_WARN_UNGUARDED_AVAILABILITY = YES_AGGRESSIVE;
				CLANG_WARN_UNREACHABLE_CODE = YES;
				CLANG_WARN__DUPLICATE_METHOD_MATCH = YES;
				COPY_PHASE_STRIP = NO;
				DEBUG_INFORMATION_FORMAT = dwarf;
				ENABLE_STRICT_OBJC_MSGSEND = YES;
				ENABLE_TESTABILITY = YES;
				GCC_C_LANGUAGE_STANDARD = gnu11;
				GCC_DYNAMIC_NO_PIC = NO;
				GCC_NO_COMMON_BLOCKS = YES;
				GCC_OPTIMIZATION_LEVEL = 0;
				GCC_PREPROCESSOR_DEFINITIONS = (
					"DEBUG=1",
					"$(inherited)",
				);
				GCC_WARN_64_TO_32_BIT_CONVERSION = YES;
				GCC_WARN_ABOUT_RETURN_TYPE = YES_ERROR;
				GCC_WARN_UNDECLARED_SELECTOR = YES;
				GCC_WARN_UNINITIALIZED_AUTOS = YES_AGGRESSIVE;
				GCC_WARN_UNUSED_FUNCTION = YES;
				GCC_WARN_UNUSED_VARIABLE = YES;
				IPHONEOS_DEPLOYMENT_TARGET = 14.4;
				MTL_ENABLE_DEBUG_INFO = INCLUDE_SOURCE;
				MTL_FAST_MATH = YES;
				ONLY_ACTIVE_ARCH = YES;
				OTHER_LDFLAGS = "";
				SDKROOT = iphoneos;
				SWIFT_ACTIVE_COMPILATION_CONDITIONS = DEBUG;
				SWIFT_OPTIMIZATION_LEVEL = "-Onone";
			};
			name = Debug;
		};
		0C2A0591265CAA44002BD46D /* Release */ = {
			isa = XCBuildConfiguration;
			buildSettings = {
				ALWAYS_SEARCH_USER_PATHS = NO;
				CLANG_ANALYZER_NONNULL = YES;
				CLANG_ANALYZER_NUMBER_OBJECT_CONVERSION = YES_AGGRESSIVE;
				CLANG_CXX_LANGUAGE_STANDARD = "gnu++14";
				CLANG_CXX_LIBRARY = "libc++";
				CLANG_ENABLE_MODULES = YES;
				CLANG_ENABLE_OBJC_ARC = YES;
				CLANG_ENABLE_OBJC_WEAK = YES;
				CLANG_WARN_BLOCK_CAPTURE_AUTORELEASING = YES;
				CLANG_WARN_BOOL_CONVERSION = YES;
				CLANG_WARN_COMMA = YES;
				CLANG_WARN_CONSTANT_CONVERSION = YES;
				CLANG_WARN_DEPRECATED_OBJC_IMPLEMENTATIONS = YES;
				CLANG_WARN_DIRECT_OBJC_ISA_USAGE = YES_ERROR;
				CLANG_WARN_DOCUMENTATION_COMMENTS = YES;
				CLANG_WARN_EMPTY_BODY = YES;
				CLANG_WARN_ENUM_CONVERSION = YES;
				CLANG_WARN_INFINITE_RECURSION = YES;
				CLANG_WARN_INT_CONVERSION = YES;
				CLANG_WARN_NON_LITERAL_NULL_CONVERSION = YES;
				CLANG_WARN_OBJC_IMPLICIT_RETAIN_SELF = YES;
				CLANG_WARN_OBJC_LITERAL_CONVERSION = YES;
				CLANG_WARN_OBJC_ROOT_CLASS = YES_ERROR;
				CLANG_WARN_QUOTED_INCLUDE_IN_FRAMEWORK_HEADER = YES;
				CLANG_WARN_RANGE_LOOP_ANALYSIS = YES;
				CLANG_WARN_STRICT_PROTOTYPES = YES;
				CLANG_WARN_SUSPICIOUS_MOVE = YES;
				CLANG_WARN_UNGUARDED_AVAILABILITY = YES_AGGRESSIVE;
				CLANG_WARN_UNREACHABLE_CODE = YES;
				CLANG_WARN__DUPLICATE_METHOD_MATCH = YES;
				COPY_PHASE_STRIP = NO;
				DEBUG_INFORMATION_FORMAT = "dwarf-with-dsym";
				ENABLE_NS_ASSERTIONS = NO;
				ENABLE_STRICT_OBJC_MSGSEND = YES;
				GCC_C_LANGUAGE_STANDARD = gnu11;
				GCC_NO_COMMON_BLOCKS = YES;
				GCC_WARN_64_TO_32_BIT_CONVERSION = YES;
				GCC_WARN_ABOUT_RETURN_TYPE = YES_ERROR;
				GCC_WARN_UNDECLARED_SELECTOR = YES;
				GCC_WARN_UNINITIALIZED_AUTOS = YES_AGGRESSIVE;
				GCC_WARN_UNUSED_FUNCTION = YES;
				GCC_WARN_UNUSED_VARIABLE = YES;
				IPHONEOS_DEPLOYMENT_TARGET = 14.4;
				MTL_ENABLE_DEBUG_INFO = NO;
				MTL_FAST_MATH = YES;
				OTHER_LDFLAGS = "";
				SDKROOT = iphoneos;
				SWIFT_COMPILATION_MODE = wholemodule;
				SWIFT_OPTIMIZATION_LEVEL = "-O";
				VALIDATE_PRODUCT = YES;
			};
			name = Release;
		};
		0C2A0593265CAA44002BD46D /* Debug */ = {
			isa = XCBuildConfiguration;
			baseConfigurationReference = 37CF35A79FC800A57BDBA14D /* Pods-split.debug.xcconfig */;
			buildSettings = {
				ASSETCATALOG_COMPILER_APPICON_NAME = AppIcon;
				ASSETCATALOG_COMPILER_GLOBAL_ACCENT_COLOR_NAME = AccentColor;
				CODE_SIGN_STYLE = Automatic;
				DEVELOPMENT_ASSET_PATHS = "\"split/Preview Content\"";
				DEVELOPMENT_TEAM = BLAVQ37GJV;
				ENABLE_PREVIEWS = YES;
				INFOPLIST_FILE = split/Info.plist;
				IPHONEOS_DEPLOYMENT_TARGET = 14.0;
				LD_RUNPATH_SEARCH_PATHS = (
					"$(inherited)",
					"@executable_path/Frameworks",
				);
				OTHER_LDFLAGS = (
					"$(inherited)",
					"-l\"c++\"",
					"-l\"sqlite3\"",
					"-l\"z\"",
					"-framework",
					"\"CoreTelephony\"",
					"-framework",
					"\"FBLPromises\"",
					"-framework",
					"\"FirebaseAnalytics\"",
					"-framework",
					"\"FirebaseAuth\"",
					"-framework",
					"\"FirebaseCore\"",
					"-framework",
					"\"FirebaseCoreDiagnostics\"",
					"-framework",
					"\"FirebaseFirestore\"",
					"-framework",
					"\"FirebaseInstallations\"",
					"-framework",
					"\"Foundation\"",
					"-framework",
					"\"GTMSessionFetcher\"",
					"-framework",
					"\"GoogleAppMeasurement\"",
					"-framework",
					"\"GoogleDataTransport\"",
					"-framework",
					"\"GoogleUtilities\"",
					"-framework",
					"\"SafariServices\"",
					"-framework",
					"\"Security\"",
					"-framework",
					"\"StoreKit\"",
					"-framework",
					"\"SystemConfiguration\"",
					"-framework",
					"\"UIKit\"",
					"-framework",
					"\"absl\"",
					"-framework",
					"\"grpc\"",
					"-framework",
					"\"grpcpp\"",
					"-framework",
					"\"leveldb\"",
					"-framework",
					"\"nanopb\"",
					"-framework",
					"\"openssl_grpc\"",
				);
				PRODUCT_BUNDLE_IDENTIFIER = com.jtepp.split;
				PRODUCT_NAME = "$(TARGET_NAME)";
				SWIFT_VERSION = 5.0;
				TARGETED_DEVICE_FAMILY = "1,2";
			};
			name = Debug;
		};
		0C2A0594265CAA44002BD46D /* Release */ = {
			isa = XCBuildConfiguration;
			baseConfigurationReference = C7229B8DBEBC89A2484287EE /* Pods-split.release.xcconfig */;
			buildSettings = {
				ASSETCATALOG_COMPILER_APPICON_NAME = AppIcon;
				ASSETCATALOG_COMPILER_GLOBAL_ACCENT_COLOR_NAME = AccentColor;
				CODE_SIGN_STYLE = Automatic;
				DEVELOPMENT_ASSET_PATHS = "\"split/Preview Content\"";
				DEVELOPMENT_TEAM = BLAVQ37GJV;
				ENABLE_PREVIEWS = YES;
				INFOPLIST_FILE = split/Info.plist;
				IPHONEOS_DEPLOYMENT_TARGET = 14.0;
				LD_RUNPATH_SEARCH_PATHS = (
					"$(inherited)",
					"@executable_path/Frameworks",
				);
				OTHER_LDFLAGS = (
					"$(inherited)",
					"-l\"c++\"",
					"-l\"sqlite3\"",
					"-l\"z\"",
					"-framework",
					"\"CoreTelephony\"",
					"-framework",
					"\"FBLPromises\"",
					"-framework",
					"\"FirebaseAnalytics\"",
					"-framework",
					"\"FirebaseAuth\"",
					"-framework",
					"\"FirebaseCore\"",
					"-framework",
					"\"FirebaseCoreDiagnostics\"",
					"-framework",
					"\"FirebaseFirestore\"",
					"-framework",
					"\"FirebaseInstallations\"",
					"-framework",
					"\"Foundation\"",
					"-framework",
					"\"GTMSessionFetcher\"",
					"-framework",
					"\"GoogleAppMeasurement\"",
					"-framework",
					"\"GoogleDataTransport\"",
					"-framework",
					"\"GoogleUtilities\"",
					"-framework",
					"\"SafariServices\"",
					"-framework",
					"\"Security\"",
					"-framework",
					"\"StoreKit\"",
					"-framework",
					"\"SystemConfiguration\"",
					"-framework",
					"\"UIKit\"",
					"-framework",
					"\"absl\"",
					"-framework",
					"\"grpc\"",
					"-framework",
					"\"grpcpp\"",
					"-framework",
					"\"leveldb\"",
					"-framework",
					"\"nanopb\"",
					"-framework",
					"\"openssl_grpc\"",
				);
				PRODUCT_BUNDLE_IDENTIFIER = com.jtepp.split;
				PRODUCT_NAME = "$(TARGET_NAME)";
				SWIFT_VERSION = 5.0;
				TARGETED_DEVICE_FAMILY = "1,2";
			};
			name = Release;
		};
/* End XCBuildConfiguration section */

/* Begin XCConfigurationList section */
		0C2A057E265CAA44002BD46D /* Build configuration list for PBXProject "split" */ = {
			isa = XCConfigurationList;
			buildConfigurations = (
				0C2A0590265CAA44002BD46D /* Debug */,
				0C2A0591265CAA44002BD46D /* Release */,
			);
			defaultConfigurationIsVisible = 0;
			defaultConfigurationName = Release;
		};
		0C2A0592265CAA44002BD46D /* Build configuration list for PBXNativeTarget "split" */ = {
			isa = XCConfigurationList;
			buildConfigurations = (
				0C2A0593265CAA44002BD46D /* Debug */,
				0C2A0594265CAA44002BD46D /* Release */,
			);
			defaultConfigurationIsVisible = 0;
			defaultConfigurationName = Release;
		};
/* End XCConfigurationList section */
	};
	rootObject = 0C2A057B265CAA44002BD46D /* Project object */;
}
