// !$*UTF8*$!
{
	archiveVersion = 1;
	classes = {
	};
	objectVersion = 52;
	objects = {

/* Begin PBXBuildFile section */
		0C016A9D2687E72700EFFC3E /* UIImage+rotate.swift in Sources */ = {isa = PBXBuildFile; fileRef = 0C016A9C2687E72700EFFC3E /* UIImage+rotate.swift */; };
		0C04B214269267B600B2DF2C /* FirebaseAnalytics in Frameworks */ = {isa = PBXBuildFile; productRef = 0C04B213269267B600B2DF2C /* FirebaseAnalytics */; };
		0C04B216269267B600B2DF2C /* FirebaseFirestore in Frameworks */ = {isa = PBXBuildFile; productRef = 0C04B215269267B600B2DF2C /* FirebaseFirestore */; };
		0C04B218269267B600B2DF2C /* FirebaseMessaging in Frameworks */ = {isa = PBXBuildFile; productRef = 0C04B217269267B600B2DF2C /* FirebaseMessaging */; };
		0C0CA77A265EF4D20062FDDD /* UIImage+resized.swift in Sources */ = {isa = PBXBuildFile; fileRef = 0C0CA779265EF4D20062FDDD /* UIImage+resized.swift */; };
		0C0CA77E265F01BE0062FDDD /* PaymentPaymentView.swift in Sources */ = {isa = PBXBuildFile; fileRef = 0C0CA77D265F01BE0062FDDD /* PaymentPaymentView.swift */; };
		0C0CA781265F01F10062FDDD /* RequestPaymentView.swift in Sources */ = {isa = PBXBuildFile; fileRef = 0C0CA780265F01F10062FDDD /* RequestPaymentView.swift */; };
		0C0CA784265F08CD0062FDDD /* MemberPicker.swift in Sources */ = {isa = PBXBuildFile; fileRef = 0C0CA783265F08CD0062FDDD /* MemberPicker.swift */; };
		0C15F8912685026E006BF2B0 /* KeyboardReadable.swift in Sources */ = {isa = PBXBuildFile; fileRef = 0C15F8902685026E006BF2B0 /* KeyboardReadable.swift */; };
		0C210D6726811F42008220B6 /* leave.mp3 in Resources */ = {isa = PBXBuildFile; fileRef = 0C210D6226811F41008220B6 /* leave.mp3 */; };
		0C210D6826811F42008220B6 /* admin.mp3 in Resources */ = {isa = PBXBuildFile; fileRef = 0C210D6326811F41008220B6 /* admin.mp3 */; };
		0C210D6926811F42008220B6 /* pay.mp3 in Resources */ = {isa = PBXBuildFile; fileRef = 0C210D6426811F41008220B6 /* pay.mp3 */; };
		0C210D6A26811F42008220B6 /* req.mp3 in Resources */ = {isa = PBXBuildFile; fileRef = 0C210D6526811F41008220B6 /* req.mp3 */; };
		0C210D6B26811F42008220B6 /* join.mp3 in Resources */ = {isa = PBXBuildFile; fileRef = 0C210D6626811F41008220B6 /* join.mp3 */; };
		0C210D6D26812AE7008220B6 /* MailView.swift in Sources */ = {isa = PBXBuildFile; fileRef = 0C210D6C26812AE7008220B6 /* MailView.swift */; };
		0C210D6F26813075008220B6 /* LinkInviteView.swift in Sources */ = {isa = PBXBuildFile; fileRef = 0C210D6E26813075008220B6 /* LinkInviteView.swift */; };
		0C2A0587265CAA44002BD46D /* splitApp.swift in Sources */ = {isa = PBXBuildFile; fileRef = 0C2A0586265CAA44002BD46D /* splitApp.swift */; };
		0C2A0589265CAA44002BD46D /* Main.swift in Sources */ = {isa = PBXBuildFile; fileRef = 0C2A0588265CAA44002BD46D /* Main.swift */; };
		0C2A058B265CAA44002BD46D /* Assets.xcassets in Resources */ = {isa = PBXBuildFile; fileRef = 0C2A058A265CAA44002BD46D /* Assets.xcassets */; };
		0C2A058E265CAA44002BD46D /* Preview Assets.xcassets in Resources */ = {isa = PBXBuildFile; fileRef = 0C2A058D265CAA44002BD46D /* Preview Assets.xcassets */; };
		0C2A059D265CB123002BD46D /* Fetch.swift in Sources */ = {isa = PBXBuildFile; fileRef = 0C2A059C265CB123002BD46D /* Fetch.swift */; };
		0C2A05A0265CB17D002BD46D /* House.swift in Sources */ = {isa = PBXBuildFile; fileRef = 0C2A059F265CB17D002BD46D /* House.swift */; };
		0C625972265EA868002E58A3 /* Payment.swift in Sources */ = {isa = PBXBuildFile; fileRef = 0C625971265EA868002E58A3 /* Payment.swift */; };
		0C625979265EAF07002E58A3 /* ActivityPaymentCell.swift in Sources */ = {isa = PBXBuildFile; fileRef = 0C625978265EAF07002E58A3 /* ActivityPaymentCell.swift */; };
		0C625991265EB440002E58A3 /* HeaderText.swift in Sources */ = {isa = PBXBuildFile; fileRef = 0C625990265EB440002E58A3 /* HeaderText.swift */; };
		0C64FECD265EC57F009B0C3C /* GeneralPaymentCell.swift in Sources */ = {isa = PBXBuildFile; fileRef = 0C64FECC265EC57F009B0C3C /* GeneralPaymentCell.swift */; };
		0C64FED0265ECB87009B0C3C /* TimeBar.swift in Sources */ = {isa = PBXBuildFile; fileRef = 0C64FECF265ECB87009B0C3C /* TimeBar.swift */; };
		0C64FED3265ED9F4009B0C3C /* ActivityRequestCell.swift in Sources */ = {isa = PBXBuildFile; fileRef = 0C64FED2265ED9F4009B0C3C /* ActivityRequestCell.swift */; };
		0C64FED6265EDA9E009B0C3C /* GeneralRequestCell.swift in Sources */ = {isa = PBXBuildFile; fileRef = 0C64FED5265EDA9E009B0C3C /* GeneralRequestCell.swift */; };
		0C64FEDA265EED43009B0C3C /* ImagePicker.swift in Sources */ = {isa = PBXBuildFile; fileRef = 0C64FED9265EED43009B0C3C /* ImagePicker.swift */; };
		0C6A740E26927C7400275A9B /* WidgetKit.framework in Frameworks */ = {isa = PBXBuildFile; fileRef = 0C6A740D26927C7400275A9B /* WidgetKit.framework */; };
		0C6A741026927C7400275A9B /* SwiftUI.framework in Frameworks */ = {isa = PBXBuildFile; fileRef = 0C6A740F26927C7400275A9B /* SwiftUI.framework */; };
		0C6A741326927C7400275A9B /* BalanceWidget.swift in Sources */ = {isa = PBXBuildFile; fileRef = 0C6A741226927C7400275A9B /* BalanceWidget.swift */; };
		0C6A741526927C7500275A9B /* Assets.xcassets in Resources */ = {isa = PBXBuildFile; fileRef = 0C6A741426927C7500275A9B /* Assets.xcassets */; };
		0C6A741926927C7500275A9B /* BalanceWidgetExtension.appex in Embed App Extensions */ = {isa = PBXBuildFile; fileRef = 0C6A740B26927C7400275A9B /* BalanceWidgetExtension.appex */; settings = {ATTRIBUTES = (RemoveHeadersOnCopy, ); }; };
		0C6A742126927DB500275A9B /* BalanceEntry.swift in Sources */ = {isa = PBXBuildFile; fileRef = 0C6A741F26927D9300275A9B /* BalanceEntry.swift */; };
		0C7C87F726851F6A0040BFA7 /* AlternateIconButton.swift in Sources */ = {isa = PBXBuildFile; fileRef = 0C7C87F626851F6A0040BFA7 /* AlternateIconButton.swift */; };
		0C833CEB267275F9000E2F0C /* Date+timeAgo.swift in Sources */ = {isa = PBXBuildFile; fileRef = 0C833CEA267275F9000E2F0C /* Date+timeAgo.swift */; };
		0C951305265DAE6D005398CF /* Member.swift in Sources */ = {isa = PBXBuildFile; fileRef = 0C951304265DAE6D005398CF /* Member.swift */; };
		0C95131E265DB7C0005398CF /* MemberCell.swift in Sources */ = {isa = PBXBuildFile; fileRef = 0C95131D265DB7C0005398CF /* MemberCell.swift */; };
		0C9570C82670E9BC00831D17 /* GoogleService-Info.plist in Resources */ = {isa = PBXBuildFile; fileRef = 0C9570C72670E9BC00831D17 /* GoogleService-Info.plist */; };
		0C9D26CF265F263E006A7AF6 /* String+isNumeric.swift in Sources */ = {isa = PBXBuildFile; fileRef = 0C9D26CE265F263E006A7AF6 /* String+isNumeric.swift */; };
		0CA0E9BD2660369D002876CF /* ModalView.swift in Sources */ = {isa = PBXBuildFile; fileRef = 0CA0E9BC2660369D002876CF /* ModalView.swift */; };
		0CA0E9C126603809002876CF /* WaitingRoomView.swift in Sources */ = {isa = PBXBuildFile; fileRef = 0CA0E9C026603809002876CF /* WaitingRoomView.swift */; };
		0CA0E9C5266038EB002876CF /* NoProfileView.swift in Sources */ = {isa = PBXBuildFile; fileRef = 0CA0E9C4266038EB002876CF /* NoProfileView.swift */; };
		0CA0E9CA26603A32002876CF /* EditProfileView.swift in Sources */ = {isa = PBXBuildFile; fileRef = 0CA0E9C926603A32002876CF /* EditProfileView.swift */; };
		0CA0E9CD26604315002876CF /* View+allowAutoDismiss.swift in Sources */ = {isa = PBXBuildFile; fileRef = 0CA0E9CC26604315002876CF /* View+allowAutoDismiss.swift */; };
		0CAA80372661860600A3081B /* ActivityAnnouncementCell.swift in Sources */ = {isa = PBXBuildFile; fileRef = 0CAA80362661860600A3081B /* ActivityAnnouncementCell.swift */; };
		0CAA803B2661CC4A00A3081B /* SplashView.swift in Sources */ = {isa = PBXBuildFile; fileRef = 0CAA803A2661CC4A00A3081B /* SplashView.swift */; };
		0CBF09F4265D8F140016CA92 /* ActivityView.swift in Sources */ = {isa = PBXBuildFile; fileRef = 0CBF09F3265D8F140016CA92 /* ActivityView.swift */; };
		0CBF09F7265D8F370016CA92 /* MembersView.swift in Sources */ = {isa = PBXBuildFile; fileRef = 0CBF09F6265D8F370016CA92 /* MembersView.swift */; };
		0CBF09FA265D8F510016CA92 /* ProfileView.swift in Sources */ = {isa = PBXBuildFile; fileRef = 0CBF09F9265D8F510016CA92 /* ProfileView.swift */; };
		0CBF09FD265D8F730016CA92 /* PaymentView.swift in Sources */ = {isa = PBXBuildFile; fileRef = 0CBF09FC265D8F730016CA92 /* PaymentView.swift */; };
		0CBF0A00265D91640016CA92 /* TabsView.swift in Sources */ = {isa = PBXBuildFile; fileRef = 0CBF09FF265D91640016CA92 /* TabsView.swift */; };
		0CBF0A03265D91B00016CA92 /* TabBar.swift in Sources */ = {isa = PBXBuildFile; fileRef = 0CBF0A02265D91B00016CA92 /* TabBar.swift */; };
		0CD1173E2687A4E40093426F /* AlternateIconRow.swift in Sources */ = {isa = PBXBuildFile; fileRef = 0CD1173D2687A4E40093426F /* AlternateIconRow.swift */; };
		0CD1176F2687AC800093426F /* Neon-pink@3x.png in Resources */ = {isa = PBXBuildFile; fileRef = 0CD1173F2687AC7C0093426F /* Neon-pink@3x.png */; };
		0CD117702687AC800093426F /* Depth@3x.png in Resources */ = {isa = PBXBuildFile; fileRef = 0CD117402687AC7C0093426F /* Depth@3x.png */; };
		0CD117762687AC800093426F /* Rainbow-angle@2x.png in Resources */ = {isa = PBXBuildFile; fileRef = 0CD117462687AC7C0093426F /* Rainbow-angle@2x.png */; };
		0CD117782687AC800093426F /* Rainbow@2x.png in Resources */ = {isa = PBXBuildFile; fileRef = 0CD117482687AC7D0093426F /* Rainbow@2x.png */; };
		0CD117792687AC800093426F /* Soft-white@2x.png in Resources */ = {isa = PBXBuildFile; fileRef = 0CD117492687AC7D0093426F /* Soft-white@2x.png */; };
		0CD1177A2687AC800093426F /* Depth-inverse@2x.png in Resources */ = {isa = PBXBuildFile; fileRef = 0CD1174A2687AC7D0093426F /* Depth-inverse@2x.png */; };
		0CD1177B2687AC800093426F /* Shadow-black@3x.png in Resources */ = {isa = PBXBuildFile; fileRef = 0CD1174B2687AC7D0093426F /* Shadow-black@3x.png */; };
		0CD1177D2687AC800093426F /* Default@3x.png in Resources */ = {isa = PBXBuildFile; fileRef = 0CD1174D2687AC7D0093426F /* Default@3x.png */; };
		0CD1177E2687AC800093426F /* Rainbow-vertical@2x.png in Resources */ = {isa = PBXBuildFile; fileRef = 0CD1174E2687AC7D0093426F /* Rainbow-vertical@2x.png */; };
		0CD1177F2687AC800093426F /* Soft-white@3x.png in Resources */ = {isa = PBXBuildFile; fileRef = 0CD1174F2687AC7D0093426F /* Soft-white@3x.png */; };
		0CD117802687AC800093426F /* Neon-green@3x.png in Resources */ = {isa = PBXBuildFile; fileRef = 0CD117502687AC7E0093426F /* Neon-green@3x.png */; };
		0CD117822687AC800093426F /* Depth-inverse@3x.png in Resources */ = {isa = PBXBuildFile; fileRef = 0CD117522687AC7E0093426F /* Depth-inverse@3x.png */; };
		0CD117842687AC800093426F /* Soft-black@2x.png in Resources */ = {isa = PBXBuildFile; fileRef = 0CD117542687AC7E0093426F /* Soft-black@2x.png */; };
		0CD117862687AC800093426F /* Shadow-black@2x.png in Resources */ = {isa = PBXBuildFile; fileRef = 0CD117562687AC7E0093426F /* Shadow-black@2x.png */; };
		0CD117872687AC800093426F /* Neon-green@2x.png in Resources */ = {isa = PBXBuildFile; fileRef = 0CD117572687AC7E0093426F /* Neon-green@2x.png */; };
		0CD117892687AC800093426F /* Depth@2x.png in Resources */ = {isa = PBXBuildFile; fileRef = 0CD117592687AC7E0093426F /* Depth@2x.png */; };
		0CD1178A2687AC800093426F /* Name-inverse@2x.png in Resources */ = {isa = PBXBuildFile; fileRef = 0CD1175A2687AC7E0093426F /* Name-inverse@2x.png */; };
		0CD1178B2687AC800093426F /* Neon-blue@3x.png in Resources */ = {isa = PBXBuildFile; fileRef = 0CD1175B2687AC7E0093426F /* Neon-blue@3x.png */; };
		0CD1178C2687AC800093426F /* Default-inverse@3x.png in Resources */ = {isa = PBXBuildFile; fileRef = 0CD1175C2687AC7F0093426F /* Default-inverse@3x.png */; };
		0CD1178D2687AC800093426F /* Rainbow-angle@3x.png in Resources */ = {isa = PBXBuildFile; fileRef = 0CD1175D2687AC7F0093426F /* Rainbow-angle@3x.png */; };
		0CD1178E2687AC800093426F /* Rainbow-vertical@3x.png in Resources */ = {isa = PBXBuildFile; fileRef = 0CD1175E2687AC7F0093426F /* Rainbow-vertical@3x.png */; };
		0CD117902687AC800093426F /* Rainbow@3x.png in Resources */ = {isa = PBXBuildFile; fileRef = 0CD117602687AC7F0093426F /* Rainbow@3x.png */; };
		0CD117912687AC800093426F /* Shadow-white@3x.png in Resources */ = {isa = PBXBuildFile; fileRef = 0CD117612687AC7F0093426F /* Shadow-white@3x.png */; };
		0CD117922687AC800093426F /* Soft-black@3x.png in Resources */ = {isa = PBXBuildFile; fileRef = 0CD117622687AC7F0093426F /* Soft-black@3x.png */; };
		0CD117932687AC800093426F /* Neon-pink@2x.png in Resources */ = {isa = PBXBuildFile; fileRef = 0CD117632687AC7F0093426F /* Neon-pink@2x.png */; };
		0CD117962687AC800093426F /* Default@2x.png in Resources */ = {isa = PBXBuildFile; fileRef = 0CD117662687AC7F0093426F /* Default@2x.png */; };
		0CD117972687AC800093426F /* Shadow-white@2x.png in Resources */ = {isa = PBXBuildFile; fileRef = 0CD117672687AC7F0093426F /* Shadow-white@2x.png */; };
		0CD1179A2687AC800093426F /* Name-inverse@3x.png in Resources */ = {isa = PBXBuildFile; fileRef = 0CD1176A2687AC7F0093426F /* Name-inverse@3x.png */; };
		0CD1179B2687AC800093426F /* Name@3x.png in Resources */ = {isa = PBXBuildFile; fileRef = 0CD1176B2687AC7F0093426F /* Name@3x.png */; };
		0CD1179C2687AC800093426F /* Default-inverse@2x.png in Resources */ = {isa = PBXBuildFile; fileRef = 0CD1176C2687AC800093426F /* Default-inverse@2x.png */; };
		0CD1179D2687AC800093426F /* Name@2x.png in Resources */ = {isa = PBXBuildFile; fileRef = 0CD1176D2687AC800093426F /* Name@2x.png */; };
		0CD1179E2687AC800093426F /* Neon-blue@2x.png in Resources */ = {isa = PBXBuildFile; fileRef = 0CD1176E2687AC800093426F /* Neon-blue@2x.png */; };
		0CD117A02687ACAE0093426F /* Depth-inverse.png in Resources */ = {isa = PBXBuildFile; fileRef = 0CD1179F2687ACAE0093426F /* Depth-inverse.png */; };
		0CD117A22687ACBE0093426F /* Default.png in Resources */ = {isa = PBXBuildFile; fileRef = 0CD117A12687ACBE0093426F /* Default.png */; };
		0CD117A42687ACC60093426F /* Default-inverse.png in Resources */ = {isa = PBXBuildFile; fileRef = 0CD117A32687ACC60093426F /* Default-inverse.png */; };
		0CD117A62687ACCC0093426F /* Depth.png in Resources */ = {isa = PBXBuildFile; fileRef = 0CD117A52687ACCC0093426F /* Depth.png */; };
		0CD117A82687ACD30093426F /* Name-inverse.png in Resources */ = {isa = PBXBuildFile; fileRef = 0CD117A72687ACD30093426F /* Name-inverse.png */; };
		0CD117AA2687ACD80093426F /* Name.png in Resources */ = {isa = PBXBuildFile; fileRef = 0CD117A92687ACD80093426F /* Name.png */; };
		0CD117AC2687ACDE0093426F /* Neon-blue.png in Resources */ = {isa = PBXBuildFile; fileRef = 0CD117AB2687ACDE0093426F /* Neon-blue.png */; };
		0CD117AF2687ACE60093426F /* Neon-pink.png in Resources */ = {isa = PBXBuildFile; fileRef = 0CD117AD2687ACE60093426F /* Neon-pink.png */; };
		0CD117B02687ACE60093426F /* Neon-green.png in Resources */ = {isa = PBXBuildFile; fileRef = 0CD117AE2687ACE60093426F /* Neon-green.png */; };
		0CD117B22687ACF20093426F /* Rainbow-angle.png in Resources */ = {isa = PBXBuildFile; fileRef = 0CD117B12687ACF20093426F /* Rainbow-angle.png */; };
		0CD117B42687ACF70093426F /* Rainbow-vertical.png in Resources */ = {isa = PBXBuildFile; fileRef = 0CD117B32687ACF70093426F /* Rainbow-vertical.png */; };
		0CD117B62687ACFC0093426F /* Rainbow.png in Resources */ = {isa = PBXBuildFile; fileRef = 0CD117B52687ACFC0093426F /* Rainbow.png */; };
		0CD117B92687AD060093426F /* Shadow-black.png in Resources */ = {isa = PBXBuildFile; fileRef = 0CD117B72687AD060093426F /* Shadow-black.png */; };
		0CD117BA2687AD060093426F /* Shadow-white.png in Resources */ = {isa = PBXBuildFile; fileRef = 0CD117B82687AD060093426F /* Shadow-white.png */; };
		0CD117BD2687AD110093426F /* Soft-white.png in Resources */ = {isa = PBXBuildFile; fileRef = 0CD117BB2687AD110093426F /* Soft-white.png */; };
		0CD117BE2687AD110093426F /* Soft-black.png in Resources */ = {isa = PBXBuildFile; fileRef = 0CD117BC2687AD110093426F /* Soft-black.png */; };
		0CD117C02687D7FD0093426F /* Launch Screen.storyboard in Resources */ = {isa = PBXBuildFile; fileRef = 0CD117BF2687D7FD0093426F /* Launch Screen.storyboard */; };
		0CD117C22687DBD40093426F /* ImageCroppingView.swift in Sources */ = {isa = PBXBuildFile; fileRef = 0CD117C12687DBD40093426F /* ImageCroppingView.swift */; };
		0CEE3827265E16700013BB12 /* MemberDetailsView.swift in Sources */ = {isa = PBXBuildFile; fileRef = 0CEE3826265E16700013BB12 /* MemberDetailsView.swift */; };
		0CEE382E265E1CE00013BB12 /* MemberPaymentInfoView.swift in Sources */ = {isa = PBXBuildFile; fileRef = 0CEE382D265E1CE00013BB12 /* MemberPaymentInfoView.swift */; };
/* End PBXBuildFile section */

/* Begin PBXContainerItemProxy section */
		0C6A741726927C7500275A9B /* PBXContainerItemProxy */ = {
			isa = PBXContainerItemProxy;
			containerPortal = 0C2A057B265CAA44002BD46D /* Project object */;
			proxyType = 1;
			remoteGlobalIDString = 0C6A740A26927C7400275A9B;
			remoteInfo = BalanceWidgetExtension;
		};
/* End PBXContainerItemProxy section */

/* Begin PBXCopyFilesBuildPhase section */
		0C6A741A26927C7500275A9B /* Embed App Extensions */ = {
			isa = PBXCopyFilesBuildPhase;
			buildActionMask = 2147483647;
			dstPath = "";
			dstSubfolderSpec = 13;
			files = (
				0C6A741926927C7500275A9B /* BalanceWidgetExtension.appex in Embed App Extensions */,
			);
			name = "Embed App Extensions";
			runOnlyForDeploymentPostprocessing = 0;
		};
/* End PBXCopyFilesBuildPhase section */

/* Begin PBXFileReference section */
		0C016A9C2687E72700EFFC3E /* UIImage+rotate.swift */ = {isa = PBXFileReference; lastKnownFileType = sourcecode.swift; path = "UIImage+rotate.swift"; sourceTree = "<group>"; };
		0C0CA779265EF4D20062FDDD /* UIImage+resized.swift */ = {isa = PBXFileReference; lastKnownFileType = sourcecode.swift; path = "UIImage+resized.swift"; sourceTree = "<group>"; };
		0C0CA77D265F01BE0062FDDD /* PaymentPaymentView.swift */ = {isa = PBXFileReference; lastKnownFileType = sourcecode.swift; path = PaymentPaymentView.swift; sourceTree = "<group>"; };
		0C0CA780265F01F10062FDDD /* RequestPaymentView.swift */ = {isa = PBXFileReference; lastKnownFileType = sourcecode.swift; path = RequestPaymentView.swift; sourceTree = "<group>"; };
		0C0CA783265F08CD0062FDDD /* MemberPicker.swift */ = {isa = PBXFileReference; lastKnownFileType = sourcecode.swift; path = MemberPicker.swift; sourceTree = "<group>"; };
		0C15F8902685026E006BF2B0 /* KeyboardReadable.swift */ = {isa = PBXFileReference; lastKnownFileType = sourcecode.swift; path = KeyboardReadable.swift; sourceTree = "<group>"; };
		0C210D6226811F41008220B6 /* leave.mp3 */ = {isa = PBXFileReference; lastKnownFileType = audio.mp3; path = leave.mp3; sourceTree = "<group>"; };
		0C210D6326811F41008220B6 /* admin.mp3 */ = {isa = PBXFileReference; lastKnownFileType = audio.mp3; path = admin.mp3; sourceTree = "<group>"; };
		0C210D6426811F41008220B6 /* pay.mp3 */ = {isa = PBXFileReference; lastKnownFileType = audio.mp3; path = pay.mp3; sourceTree = "<group>"; };
		0C210D6526811F41008220B6 /* req.mp3 */ = {isa = PBXFileReference; lastKnownFileType = audio.mp3; path = req.mp3; sourceTree = "<group>"; };
		0C210D6626811F41008220B6 /* join.mp3 */ = {isa = PBXFileReference; lastKnownFileType = audio.mp3; path = join.mp3; sourceTree = "<group>"; };
		0C210D6C26812AE7008220B6 /* MailView.swift */ = {isa = PBXFileReference; lastKnownFileType = sourcecode.swift; path = MailView.swift; sourceTree = "<group>"; };
		0C210D6E26813075008220B6 /* LinkInviteView.swift */ = {isa = PBXFileReference; lastKnownFileType = sourcecode.swift; path = LinkInviteView.swift; sourceTree = "<group>"; };
		0C2A0583265CAA44002BD46D /* split.app */ = {isa = PBXFileReference; explicitFileType = wrapper.application; includeInIndex = 0; path = split.app; sourceTree = BUILT_PRODUCTS_DIR; };
		0C2A0586265CAA44002BD46D /* splitApp.swift */ = {isa = PBXFileReference; lastKnownFileType = sourcecode.swift; path = splitApp.swift; sourceTree = "<group>"; };
		0C2A0588265CAA44002BD46D /* Main.swift */ = {isa = PBXFileReference; lastKnownFileType = sourcecode.swift; path = Main.swift; sourceTree = "<group>"; };
		0C2A058A265CAA44002BD46D /* Assets.xcassets */ = {isa = PBXFileReference; lastKnownFileType = folder.assetcatalog; path = Assets.xcassets; sourceTree = "<group>"; };
		0C2A058D265CAA44002BD46D /* Preview Assets.xcassets */ = {isa = PBXFileReference; lastKnownFileType = folder.assetcatalog; path = "Preview Assets.xcassets"; sourceTree = "<group>"; };
		0C2A058F265CAA44002BD46D /* Info.plist */ = {isa = PBXFileReference; lastKnownFileType = text.plist.xml; path = Info.plist; sourceTree = "<group>"; };
		0C2A059C265CB123002BD46D /* Fetch.swift */ = {isa = PBXFileReference; lastKnownFileType = sourcecode.swift; path = Fetch.swift; sourceTree = "<group>"; };
		0C2A059F265CB17D002BD46D /* House.swift */ = {isa = PBXFileReference; lastKnownFileType = sourcecode.swift; path = House.swift; sourceTree = "<group>"; };
		0C625971265EA868002E58A3 /* Payment.swift */ = {isa = PBXFileReference; lastKnownFileType = sourcecode.swift; path = Payment.swift; sourceTree = "<group>"; };
		0C625978265EAF07002E58A3 /* ActivityPaymentCell.swift */ = {isa = PBXFileReference; lastKnownFileType = sourcecode.swift; path = ActivityPaymentCell.swift; sourceTree = "<group>"; };
		0C625990265EB440002E58A3 /* HeaderText.swift */ = {isa = PBXFileReference; lastKnownFileType = sourcecode.swift; path = HeaderText.swift; sourceTree = "<group>"; };
		0C64FECC265EC57F009B0C3C /* GeneralPaymentCell.swift */ = {isa = PBXFileReference; lastKnownFileType = sourcecode.swift; path = GeneralPaymentCell.swift; sourceTree = "<group>"; };
		0C64FECF265ECB87009B0C3C /* TimeBar.swift */ = {isa = PBXFileReference; lastKnownFileType = sourcecode.swift; path = TimeBar.swift; sourceTree = "<group>"; };
		0C64FED2265ED9F4009B0C3C /* ActivityRequestCell.swift */ = {isa = PBXFileReference; lastKnownFileType = sourcecode.swift; path = ActivityRequestCell.swift; sourceTree = "<group>"; };
		0C64FED5265EDA9E009B0C3C /* GeneralRequestCell.swift */ = {isa = PBXFileReference; lastKnownFileType = sourcecode.swift; path = GeneralRequestCell.swift; sourceTree = "<group>"; };
		0C64FED9265EED43009B0C3C /* ImagePicker.swift */ = {isa = PBXFileReference; lastKnownFileType = sourcecode.swift; path = ImagePicker.swift; sourceTree = "<group>"; };
		0C6A740B26927C7400275A9B /* BalanceWidgetExtension.appex */ = {isa = PBXFileReference; explicitFileType = "wrapper.app-extension"; includeInIndex = 0; path = BalanceWidgetExtension.appex; sourceTree = BUILT_PRODUCTS_DIR; };
		0C6A740D26927C7400275A9B /* WidgetKit.framework */ = {isa = PBXFileReference; lastKnownFileType = wrapper.framework; name = WidgetKit.framework; path = System/Library/Frameworks/WidgetKit.framework; sourceTree = SDKROOT; };
		0C6A740F26927C7400275A9B /* SwiftUI.framework */ = {isa = PBXFileReference; lastKnownFileType = wrapper.framework; name = SwiftUI.framework; path = System/Library/Frameworks/SwiftUI.framework; sourceTree = SDKROOT; };
		0C6A741226927C7400275A9B /* BalanceWidget.swift */ = {isa = PBXFileReference; lastKnownFileType = sourcecode.swift; path = BalanceWidget.swift; sourceTree = "<group>"; };
		0C6A741426927C7500275A9B /* Assets.xcassets */ = {isa = PBXFileReference; lastKnownFileType = folder.assetcatalog; path = Assets.xcassets; sourceTree = "<group>"; };
		0C6A741626927C7500275A9B /* Info.plist */ = {isa = PBXFileReference; lastKnownFileType = text.plist.xml; path = Info.plist; sourceTree = "<group>"; };
		0C6A741E26927CB600275A9B /* BalanceWidgetExtension.entitlements */ = {isa = PBXFileReference; lastKnownFileType = text.plist.entitlements; path = BalanceWidgetExtension.entitlements; sourceTree = "<group>"; };
		0C6A741F26927D9300275A9B /* BalanceEntry.swift */ = {isa = PBXFileReference; lastKnownFileType = sourcecode.swift; path = BalanceEntry.swift; sourceTree = "<group>"; };
		0C7C87F626851F6A0040BFA7 /* AlternateIconButton.swift */ = {isa = PBXFileReference; lastKnownFileType = sourcecode.swift; path = AlternateIconButton.swift; sourceTree = "<group>"; };
		0C833CEA267275F9000E2F0C /* Date+timeAgo.swift */ = {isa = PBXFileReference; lastKnownFileType = sourcecode.swift; path = "Date+timeAgo.swift"; sourceTree = "<group>"; };
		0C951304265DAE6D005398CF /* Member.swift */ = {isa = PBXFileReference; lastKnownFileType = sourcecode.swift; path = Member.swift; sourceTree = "<group>"; };
		0C95131D265DB7C0005398CF /* MemberCell.swift */ = {isa = PBXFileReference; lastKnownFileType = sourcecode.swift; path = MemberCell.swift; sourceTree = "<group>"; };
		0C9570C62670A61800831D17 /* split.entitlements */ = {isa = PBXFileReference; lastKnownFileType = text.plist.entitlements; path = split.entitlements; sourceTree = "<group>"; };
		0C9570C72670E9BC00831D17 /* GoogleService-Info.plist */ = {isa = PBXFileReference; fileEncoding = 4; lastKnownFileType = text.plist.xml; name = "GoogleService-Info.plist"; path = "../../../../Downloads/GoogleService-Info.plist"; sourceTree = "<group>"; };
		0C9D26CE265F263E006A7AF6 /* String+isNumeric.swift */ = {isa = PBXFileReference; lastKnownFileType = sourcecode.swift; path = "String+isNumeric.swift"; sourceTree = "<group>"; };
		0CA0E9BC2660369D002876CF /* ModalView.swift */ = {isa = PBXFileReference; lastKnownFileType = sourcecode.swift; path = ModalView.swift; sourceTree = "<group>"; };
		0CA0E9C026603809002876CF /* WaitingRoomView.swift */ = {isa = PBXFileReference; lastKnownFileType = sourcecode.swift; path = WaitingRoomView.swift; sourceTree = "<group>"; };
		0CA0E9C4266038EB002876CF /* NoProfileView.swift */ = {isa = PBXFileReference; lastKnownFileType = sourcecode.swift; path = NoProfileView.swift; sourceTree = "<group>"; };
		0CA0E9C926603A32002876CF /* EditProfileView.swift */ = {isa = PBXFileReference; lastKnownFileType = sourcecode.swift; path = EditProfileView.swift; sourceTree = "<group>"; };
		0CA0E9CC26604315002876CF /* View+allowAutoDismiss.swift */ = {isa = PBXFileReference; lastKnownFileType = sourcecode.swift; path = "View+allowAutoDismiss.swift"; sourceTree = "<group>"; };
		0CAA80362661860600A3081B /* ActivityAnnouncementCell.swift */ = {isa = PBXFileReference; lastKnownFileType = sourcecode.swift; path = ActivityAnnouncementCell.swift; sourceTree = "<group>"; };
		0CAA803A2661CC4A00A3081B /* SplashView.swift */ = {isa = PBXFileReference; lastKnownFileType = sourcecode.swift; path = SplashView.swift; sourceTree = "<group>"; };
		0CBF09F3265D8F140016CA92 /* ActivityView.swift */ = {isa = PBXFileReference; lastKnownFileType = sourcecode.swift; path = ActivityView.swift; sourceTree = "<group>"; };
		0CBF09F6265D8F370016CA92 /* MembersView.swift */ = {isa = PBXFileReference; lastKnownFileType = sourcecode.swift; path = MembersView.swift; sourceTree = "<group>"; };
		0CBF09F9265D8F510016CA92 /* ProfileView.swift */ = {isa = PBXFileReference; lastKnownFileType = sourcecode.swift; path = ProfileView.swift; sourceTree = "<group>"; };
		0CBF09FC265D8F730016CA92 /* PaymentView.swift */ = {isa = PBXFileReference; lastKnownFileType = sourcecode.swift; path = PaymentView.swift; sourceTree = "<group>"; };
		0CBF09FF265D91640016CA92 /* TabsView.swift */ = {isa = PBXFileReference; lastKnownFileType = sourcecode.swift; path = TabsView.swift; sourceTree = "<group>"; };
		0CBF0A02265D91B00016CA92 /* TabBar.swift */ = {isa = PBXFileReference; lastKnownFileType = sourcecode.swift; path = TabBar.swift; sourceTree = "<group>"; };
		0CD1173D2687A4E40093426F /* AlternateIconRow.swift */ = {isa = PBXFileReference; lastKnownFileType = sourcecode.swift; path = AlternateIconRow.swift; sourceTree = "<group>"; };
		0CD1173F2687AC7C0093426F /* Neon-pink@3x.png */ = {isa = PBXFileReference; lastKnownFileType = image.png; path = "Neon-pink@3x.png"; sourceTree = "<group>"; };
		0CD117402687AC7C0093426F /* Depth@3x.png */ = {isa = PBXFileReference; lastKnownFileType = image.png; path = "Depth@3x.png"; sourceTree = "<group>"; };
		0CD117462687AC7C0093426F /* Rainbow-angle@2x.png */ = {isa = PBXFileReference; lastKnownFileType = image.png; path = "Rainbow-angle@2x.png"; sourceTree = "<group>"; };
		0CD117482687AC7D0093426F /* Rainbow@2x.png */ = {isa = PBXFileReference; lastKnownFileType = image.png; path = "Rainbow@2x.png"; sourceTree = "<group>"; };
		0CD117492687AC7D0093426F /* Soft-white@2x.png */ = {isa = PBXFileReference; lastKnownFileType = image.png; path = "Soft-white@2x.png"; sourceTree = "<group>"; };
		0CD1174A2687AC7D0093426F /* Depth-inverse@2x.png */ = {isa = PBXFileReference; lastKnownFileType = image.png; path = "Depth-inverse@2x.png"; sourceTree = "<group>"; };
		0CD1174B2687AC7D0093426F /* Shadow-black@3x.png */ = {isa = PBXFileReference; lastKnownFileType = image.png; path = "Shadow-black@3x.png"; sourceTree = "<group>"; };
		0CD1174D2687AC7D0093426F /* Default@3x.png */ = {isa = PBXFileReference; lastKnownFileType = image.png; path = "Default@3x.png"; sourceTree = "<group>"; };
		0CD1174E2687AC7D0093426F /* Rainbow-vertical@2x.png */ = {isa = PBXFileReference; lastKnownFileType = image.png; path = "Rainbow-vertical@2x.png"; sourceTree = "<group>"; };
		0CD1174F2687AC7D0093426F /* Soft-white@3x.png */ = {isa = PBXFileReference; lastKnownFileType = image.png; path = "Soft-white@3x.png"; sourceTree = "<group>"; };
		0CD117502687AC7E0093426F /* Neon-green@3x.png */ = {isa = PBXFileReference; lastKnownFileType = image.png; path = "Neon-green@3x.png"; sourceTree = "<group>"; };
		0CD117522687AC7E0093426F /* Depth-inverse@3x.png */ = {isa = PBXFileReference; lastKnownFileType = image.png; path = "Depth-inverse@3x.png"; sourceTree = "<group>"; };
		0CD117542687AC7E0093426F /* Soft-black@2x.png */ = {isa = PBXFileReference; lastKnownFileType = image.png; path = "Soft-black@2x.png"; sourceTree = "<group>"; };
		0CD117562687AC7E0093426F /* Shadow-black@2x.png */ = {isa = PBXFileReference; lastKnownFileType = image.png; path = "Shadow-black@2x.png"; sourceTree = "<group>"; };
		0CD117572687AC7E0093426F /* Neon-green@2x.png */ = {isa = PBXFileReference; lastKnownFileType = image.png; path = "Neon-green@2x.png"; sourceTree = "<group>"; };
		0CD117592687AC7E0093426F /* Depth@2x.png */ = {isa = PBXFileReference; lastKnownFileType = image.png; path = "Depth@2x.png"; sourceTree = "<group>"; };
		0CD1175A2687AC7E0093426F /* Name-inverse@2x.png */ = {isa = PBXFileReference; lastKnownFileType = image.png; path = "Name-inverse@2x.png"; sourceTree = "<group>"; };
		0CD1175B2687AC7E0093426F /* Neon-blue@3x.png */ = {isa = PBXFileReference; lastKnownFileType = image.png; path = "Neon-blue@3x.png"; sourceTree = "<group>"; };
		0CD1175C2687AC7F0093426F /* Default-inverse@3x.png */ = {isa = PBXFileReference; lastKnownFileType = image.png; path = "Default-inverse@3x.png"; sourceTree = "<group>"; };
		0CD1175D2687AC7F0093426F /* Rainbow-angle@3x.png */ = {isa = PBXFileReference; lastKnownFileType = image.png; path = "Rainbow-angle@3x.png"; sourceTree = "<group>"; };
		0CD1175E2687AC7F0093426F /* Rainbow-vertical@3x.png */ = {isa = PBXFileReference; lastKnownFileType = image.png; path = "Rainbow-vertical@3x.png"; sourceTree = "<group>"; };
		0CD117602687AC7F0093426F /* Rainbow@3x.png */ = {isa = PBXFileReference; lastKnownFileType = image.png; path = "Rainbow@3x.png"; sourceTree = "<group>"; };
		0CD117612687AC7F0093426F /* Shadow-white@3x.png */ = {isa = PBXFileReference; lastKnownFileType = image.png; path = "Shadow-white@3x.png"; sourceTree = "<group>"; };
		0CD117622687AC7F0093426F /* Soft-black@3x.png */ = {isa = PBXFileReference; lastKnownFileType = image.png; path = "Soft-black@3x.png"; sourceTree = "<group>"; };
		0CD117632687AC7F0093426F /* Neon-pink@2x.png */ = {isa = PBXFileReference; lastKnownFileType = image.png; path = "Neon-pink@2x.png"; sourceTree = "<group>"; };
		0CD117662687AC7F0093426F /* Default@2x.png */ = {isa = PBXFileReference; lastKnownFileType = image.png; path = "Default@2x.png"; sourceTree = "<group>"; };
		0CD117672687AC7F0093426F /* Shadow-white@2x.png */ = {isa = PBXFileReference; lastKnownFileType = image.png; path = "Shadow-white@2x.png"; sourceTree = "<group>"; };
		0CD1176A2687AC7F0093426F /* Name-inverse@3x.png */ = {isa = PBXFileReference; lastKnownFileType = image.png; path = "Name-inverse@3x.png"; sourceTree = "<group>"; };
		0CD1176B2687AC7F0093426F /* Name@3x.png */ = {isa = PBXFileReference; lastKnownFileType = image.png; path = "Name@3x.png"; sourceTree = "<group>"; };
		0CD1176C2687AC800093426F /* Default-inverse@2x.png */ = {isa = PBXFileReference; lastKnownFileType = image.png; path = "Default-inverse@2x.png"; sourceTree = "<group>"; };
		0CD1176D2687AC800093426F /* Name@2x.png */ = {isa = PBXFileReference; lastKnownFileType = image.png; path = "Name@2x.png"; sourceTree = "<group>"; };
		0CD1176E2687AC800093426F /* Neon-blue@2x.png */ = {isa = PBXFileReference; lastKnownFileType = image.png; path = "Neon-blue@2x.png"; sourceTree = "<group>"; };
		0CD1179F2687ACAE0093426F /* Depth-inverse.png */ = {isa = PBXFileReference; lastKnownFileType = image.png; path = "Depth-inverse.png"; sourceTree = "<group>"; };
		0CD117A12687ACBE0093426F /* Default.png */ = {isa = PBXFileReference; lastKnownFileType = image.png; path = Default.png; sourceTree = "<group>"; };
		0CD117A32687ACC60093426F /* Default-inverse.png */ = {isa = PBXFileReference; lastKnownFileType = image.png; path = "Default-inverse.png"; sourceTree = "<group>"; };
		0CD117A52687ACCC0093426F /* Depth.png */ = {isa = PBXFileReference; lastKnownFileType = image.png; path = Depth.png; sourceTree = "<group>"; };
		0CD117A72687ACD30093426F /* Name-inverse.png */ = {isa = PBXFileReference; lastKnownFileType = image.png; path = "Name-inverse.png"; sourceTree = "<group>"; };
		0CD117A92687ACD80093426F /* Name.png */ = {isa = PBXFileReference; lastKnownFileType = image.png; path = Name.png; sourceTree = "<group>"; };
		0CD117AB2687ACDE0093426F /* Neon-blue.png */ = {isa = PBXFileReference; lastKnownFileType = image.png; path = "Neon-blue.png"; sourceTree = "<group>"; };
		0CD117AD2687ACE60093426F /* Neon-pink.png */ = {isa = PBXFileReference; lastKnownFileType = image.png; path = "Neon-pink.png"; sourceTree = "<group>"; };
		0CD117AE2687ACE60093426F /* Neon-green.png */ = {isa = PBXFileReference; lastKnownFileType = image.png; path = "Neon-green.png"; sourceTree = "<group>"; };
		0CD117B12687ACF20093426F /* Rainbow-angle.png */ = {isa = PBXFileReference; lastKnownFileType = image.png; path = "Rainbow-angle.png"; sourceTree = "<group>"; };
		0CD117B32687ACF70093426F /* Rainbow-vertical.png */ = {isa = PBXFileReference; lastKnownFileType = image.png; path = "Rainbow-vertical.png"; sourceTree = "<group>"; };
		0CD117B52687ACFC0093426F /* Rainbow.png */ = {isa = PBXFileReference; lastKnownFileType = image.png; path = Rainbow.png; sourceTree = "<group>"; };
		0CD117B72687AD060093426F /* Shadow-black.png */ = {isa = PBXFileReference; lastKnownFileType = image.png; path = "Shadow-black.png"; sourceTree = "<group>"; };
		0CD117B82687AD060093426F /* Shadow-white.png */ = {isa = PBXFileReference; lastKnownFileType = image.png; path = "Shadow-white.png"; sourceTree = "<group>"; };
		0CD117BB2687AD110093426F /* Soft-white.png */ = {isa = PBXFileReference; lastKnownFileType = image.png; path = "Soft-white.png"; sourceTree = "<group>"; };
		0CD117BC2687AD110093426F /* Soft-black.png */ = {isa = PBXFileReference; lastKnownFileType = image.png; path = "Soft-black.png"; sourceTree = "<group>"; };
		0CD117BF2687D7FD0093426F /* Launch Screen.storyboard */ = {isa = PBXFileReference; lastKnownFileType = file.storyboard; path = "Launch Screen.storyboard"; sourceTree = "<group>"; };
		0CD117C12687DBD40093426F /* ImageCroppingView.swift */ = {isa = PBXFileReference; fileEncoding = 4; lastKnownFileType = sourcecode.swift; path = ImageCroppingView.swift; sourceTree = "<group>"; };
		0CEE3826265E16700013BB12 /* MemberDetailsView.swift */ = {isa = PBXFileReference; lastKnownFileType = sourcecode.swift; path = MemberDetailsView.swift; sourceTree = "<group>"; };
		0CEE382D265E1CE00013BB12 /* MemberPaymentInfoView.swift */ = {isa = PBXFileReference; lastKnownFileType = sourcecode.swift; path = MemberPaymentInfoView.swift; sourceTree = "<group>"; };
/* End PBXFileReference section */

/* Begin PBXFrameworksBuildPhase section */
		0C2A0580265CAA44002BD46D /* Frameworks */ = {
			isa = PBXFrameworksBuildPhase;
			buildActionMask = 2147483647;
			files = (
				0C04B218269267B600B2DF2C /* FirebaseMessaging in Frameworks */,
				0C04B214269267B600B2DF2C /* FirebaseAnalytics in Frameworks */,
				0C04B216269267B600B2DF2C /* FirebaseFirestore in Frameworks */,
			);
			runOnlyForDeploymentPostprocessing = 0;
		};
		0C6A740826927C7400275A9B /* Frameworks */ = {
			isa = PBXFrameworksBuildPhase;
			buildActionMask = 2147483647;
			files = (
				0C6A741026927C7400275A9B /* SwiftUI.framework in Frameworks */,
				0C6A740E26927C7400275A9B /* WidgetKit.framework in Frameworks */,
			);
			runOnlyForDeploymentPostprocessing = 0;
		};
/* End PBXFrameworksBuildPhase section */

/* Begin PBXGroup section */
		0C0CA778265EF4BF0062FDDD /* Extensions */ = {
			isa = PBXGroup;
			children = (
				0C0CA779265EF4D20062FDDD /* UIImage+resized.swift */,
				0C016A9C2687E72700EFFC3E /* UIImage+rotate.swift */,
				0CA0E9CC26604315002876CF /* View+allowAutoDismiss.swift */,
				0C15F8902685026E006BF2B0 /* KeyboardReadable.swift */,
				0C833CEA267275F9000E2F0C /* Date+timeAgo.swift */,
				0C9D26CE265F263E006A7AF6 /* String+isNumeric.swift */,
			);
			path = Extensions;
			sourceTree = "<group>";
		};
		0C210D6126811EE5008220B6 /* Sounds */ = {
			isa = PBXGroup;
			children = (
				0C210D6326811F41008220B6 /* admin.mp3 */,
				0C210D6626811F41008220B6 /* join.mp3 */,
				0C210D6226811F41008220B6 /* leave.mp3 */,
				0C210D6426811F41008220B6 /* pay.mp3 */,
				0C210D6526811F41008220B6 /* req.mp3 */,
			);
			path = Sounds;
			sourceTree = "<group>";
		};
		0C2A057A265CAA44002BD46D = {
			isa = PBXGroup;
			children = (
				0C6A741E26927CB600275A9B /* BalanceWidgetExtension.entitlements */,
				0C2A0585265CAA44002BD46D /* split */,
				0C6A741126927C7400275A9B /* BalanceWidget */,
				0C6A740C26927C7400275A9B /* Frameworks */,
				0C2A0584265CAA44002BD46D /* Products */,
			);
			sourceTree = "<group>";
		};
		0C2A0584265CAA44002BD46D /* Products */ = {
			isa = PBXGroup;
			children = (
				0C2A0583265CAA44002BD46D /* split.app */,
				0C6A740B26927C7400275A9B /* BalanceWidgetExtension.appex */,
			);
			name = Products;
			sourceTree = "<group>";
		};
		0C2A0585265CAA44002BD46D /* split */ = {
			isa = PBXGroup;
			children = (
				0C9570C62670A61800831D17 /* split.entitlements */,
				0C2A0586265CAA44002BD46D /* splitApp.swift */,
				0CD117BF2687D7FD0093426F /* Launch Screen.storyboard */,
				0C7C87F8268526400040BFA7 /* icons */,
				0C210D6126811EE5008220B6 /* Sounds */,
				0C0CA778265EF4BF0062FDDD /* Extensions */,
				0C2A059B265CB0FB002BD46D /* Models */,
				0C2A059A265CB0F7002BD46D /* Views */,
				0C2A058A265CAA44002BD46D /* Assets.xcassets */,
				0C9570C72670E9BC00831D17 /* GoogleService-Info.plist */,
				0C2A058F265CAA44002BD46D /* Info.plist */,
				0C2A058C265CAA44002BD46D /* Preview Content */,
			);
			path = split;
			sourceTree = "<group>";
		};
		0C2A058C265CAA44002BD46D /* Preview Content */ = {
			isa = PBXGroup;
			children = (
				0C2A058D265CAA44002BD46D /* Preview Assets.xcassets */,
			);
			path = "Preview Content";
			sourceTree = "<group>";
		};
		0C2A059A265CB0F7002BD46D /* Views */ = {
			isa = PBXGroup;
			children = (
				0C2A0588265CAA44002BD46D /* Main.swift */,
				0C210D6E26813075008220B6 /* LinkInviteView.swift */,
				0C64FECF265ECB87009B0C3C /* TimeBar.swift */,
				0CAA803A2661CC4A00A3081B /* SplashView.swift */,
				0CA0E9BC2660369D002876CF /* ModalView.swift */,
				0C210D6C26812AE7008220B6 /* MailView.swift */,
				0CA0E9BF266037FE002876CF /* Profiles */,
				0C64FED9265EED43009B0C3C /* ImagePicker.swift */,
				0C625990265EB440002E58A3 /* HeaderText.swift */,
				0C625970265EA855002E58A3 /* Payments */,
				0CEE3829265E167C0013BB12 /* Members */,
				0CEE382B265E16880013BB12 /* Tabs */,
				0C625976265EAE58002E58A3 /* Activity */,
			);
			path = Views;
			sourceTree = "<group>";
		};
		0C2A059B265CB0FB002BD46D /* Models */ = {
			isa = PBXGroup;
			children = (
				0C2A059C265CB123002BD46D /* Fetch.swift */,
				0C625971265EA868002E58A3 /* Payment.swift */,
				0C951304265DAE6D005398CF /* Member.swift */,
				0C2A059F265CB17D002BD46D /* House.swift */,
			);
			path = Models;
			sourceTree = "<group>";
		};
		0C625970265EA855002E58A3 /* Payments */ = {
			isa = PBXGroup;
			children = (
				0CBF09FC265D8F730016CA92 /* PaymentView.swift */,
				0C0CA780265F01F10062FDDD /* RequestPaymentView.swift */,
				0C0CA77D265F01BE0062FDDD /* PaymentPaymentView.swift */,
				0C64FECC265EC57F009B0C3C /* GeneralPaymentCell.swift */,
				0C64FED5265EDA9E009B0C3C /* GeneralRequestCell.swift */,
			);
			path = Payments;
			sourceTree = "<group>";
		};
		0C625976265EAE58002E58A3 /* Activity */ = {
			isa = PBXGroup;
			children = (
				0CBF09F3265D8F140016CA92 /* ActivityView.swift */,
				0C625978265EAF07002E58A3 /* ActivityPaymentCell.swift */,
				0CAA80362661860600A3081B /* ActivityAnnouncementCell.swift */,
				0C64FED2265ED9F4009B0C3C /* ActivityRequestCell.swift */,
			);
			path = Activity;
			sourceTree = "<group>";
		};
		0C6A740C26927C7400275A9B /* Frameworks */ = {
			isa = PBXGroup;
			children = (
				0C6A740D26927C7400275A9B /* WidgetKit.framework */,
				0C6A740F26927C7400275A9B /* SwiftUI.framework */,
			);
			name = Frameworks;
			sourceTree = "<group>";
		};
		0C6A741126927C7400275A9B /* BalanceWidget */ = {
			isa = PBXGroup;
			children = (
				0C6A741226927C7400275A9B /* BalanceWidget.swift */,
				0C6A741F26927D9300275A9B /* BalanceEntry.swift */,
				0C6A741426927C7500275A9B /* Assets.xcassets */,
				0C6A741626927C7500275A9B /* Info.plist */,
			);
			path = BalanceWidget;
			sourceTree = "<group>";
		};
		0C7C87F8268526400040BFA7 /* icons */ = {
			isa = PBXGroup;
			children = (
				0CD1176C2687AC800093426F /* Default-inverse@2x.png */,
				0CD1175C2687AC7F0093426F /* Default-inverse@3x.png */,
				0CD117662687AC7F0093426F /* Default@2x.png */,
				0CD1174D2687AC7D0093426F /* Default@3x.png */,
				0CD1174A2687AC7D0093426F /* Depth-inverse@2x.png */,
				0CD117522687AC7E0093426F /* Depth-inverse@3x.png */,
				0CD117592687AC7E0093426F /* Depth@2x.png */,
				0CD117402687AC7C0093426F /* Depth@3x.png */,
				0CD1175A2687AC7E0093426F /* Name-inverse@2x.png */,
				0CD1176A2687AC7F0093426F /* Name-inverse@3x.png */,
				0CD1176D2687AC800093426F /* Name@2x.png */,
				0CD1176B2687AC7F0093426F /* Name@3x.png */,
				0CD1176E2687AC800093426F /* Neon-blue@2x.png */,
				0CD117A32687ACC60093426F /* Default-inverse.png */,
				0CD117A12687ACBE0093426F /* Default.png */,
				0CD1179F2687ACAE0093426F /* Depth-inverse.png */,
				0CD117A52687ACCC0093426F /* Depth.png */,
				0CD117A72687ACD30093426F /* Name-inverse.png */,
				0CD117A92687ACD80093426F /* Name.png */,
				0CD117AB2687ACDE0093426F /* Neon-blue.png */,
				0CD1175B2687AC7E0093426F /* Neon-blue@3x.png */,
				0CD117AE2687ACE60093426F /* Neon-green.png */,
				0CD117572687AC7E0093426F /* Neon-green@2x.png */,
				0CD117502687AC7E0093426F /* Neon-green@3x.png */,
				0CD117AD2687ACE60093426F /* Neon-pink.png */,
				0CD117632687AC7F0093426F /* Neon-pink@2x.png */,
				0CD1173F2687AC7C0093426F /* Neon-pink@3x.png */,
				0CD117B12687ACF20093426F /* Rainbow-angle.png */,
				0CD117462687AC7C0093426F /* Rainbow-angle@2x.png */,
				0CD1175D2687AC7F0093426F /* Rainbow-angle@3x.png */,
				0CD117B32687ACF70093426F /* Rainbow-vertical.png */,
				0CD1174E2687AC7D0093426F /* Rainbow-vertical@2x.png */,
				0CD1175E2687AC7F0093426F /* Rainbow-vertical@3x.png */,
				0CD117B52687ACFC0093426F /* Rainbow.png */,
				0CD117482687AC7D0093426F /* Rainbow@2x.png */,
				0CD117602687AC7F0093426F /* Rainbow@3x.png */,
				0CD117B72687AD060093426F /* Shadow-black.png */,
				0CD117562687AC7E0093426F /* Shadow-black@2x.png */,
				0CD1174B2687AC7D0093426F /* Shadow-black@3x.png */,
				0CD117B82687AD060093426F /* Shadow-white.png */,
				0CD117672687AC7F0093426F /* Shadow-white@2x.png */,
				0CD117612687AC7F0093426F /* Shadow-white@3x.png */,
				0CD117BC2687AD110093426F /* Soft-black.png */,
				0CD117542687AC7E0093426F /* Soft-black@2x.png */,
				0CD117622687AC7F0093426F /* Soft-black@3x.png */,
				0CD117BB2687AD110093426F /* Soft-white.png */,
				0CD117492687AC7D0093426F /* Soft-white@2x.png */,
				0CD1174F2687AC7D0093426F /* Soft-white@3x.png */,
			);
			path = icons;
			sourceTree = "<group>";
		};
		0CA0E9BF266037FE002876CF /* Profiles */ = {
			isa = PBXGroup;
			children = (
				0CD117C12687DBD40093426F /* ImageCroppingView.swift */,
				0CA0E9C026603809002876CF /* WaitingRoomView.swift */,
				0CA0E9C926603A32002876CF /* EditProfileView.swift */,
				0CBF09F9265D8F510016CA92 /* ProfileView.swift */,
				0CD1173D2687A4E40093426F /* AlternateIconRow.swift */,
				0C7C87F626851F6A0040BFA7 /* AlternateIconButton.swift */,
				0CA0E9C4266038EB002876CF /* NoProfileView.swift */,
			);
			path = Profiles;
			sourceTree = "<group>";
		};
		0CEE3829265E167C0013BB12 /* Members */ = {
			isa = PBXGroup;
			children = (
				0CBF09F6265D8F370016CA92 /* MembersView.swift */,
				0C0CA783265F08CD0062FDDD /* MemberPicker.swift */,
				0C95131D265DB7C0005398CF /* MemberCell.swift */,
				0CEE382D265E1CE00013BB12 /* MemberPaymentInfoView.swift */,
				0CEE3826265E16700013BB12 /* MemberDetailsView.swift */,
			);
			path = Members;
			sourceTree = "<group>";
		};
		0CEE382B265E16880013BB12 /* Tabs */ = {
			isa = PBXGroup;
			children = (
				0CBF0A02265D91B00016CA92 /* TabBar.swift */,
				0CBF09FF265D91640016CA92 /* TabsView.swift */,
			);
			path = Tabs;
			sourceTree = "<group>";
		};
/* End PBXGroup section */

/* Begin PBXNativeTarget section */
		0C2A0582265CAA44002BD46D /* split */ = {
			isa = PBXNativeTarget;
			buildConfigurationList = 0C2A0592265CAA44002BD46D /* Build configuration list for PBXNativeTarget "split" */;
			buildPhases = (
				0C2A057F265CAA44002BD46D /* Sources */,
				0C2A0580265CAA44002BD46D /* Frameworks */,
				0C2A0581265CAA44002BD46D /* Resources */,
				0C6A741A26927C7500275A9B /* Embed App Extensions */,
			);
			buildRules = (
			);
			dependencies = (
				0C6A741826927C7500275A9B /* PBXTargetDependency */,
			);
			name = split;
			packageProductDependencies = (
				0C04B213269267B600B2DF2C /* FirebaseAnalytics */,
				0C04B215269267B600B2DF2C /* FirebaseFirestore */,
				0C04B217269267B600B2DF2C /* FirebaseMessaging */,
			);
			productName = split;
			productReference = 0C2A0583265CAA44002BD46D /* split.app */;
			productType = "com.apple.product-type.application";
		};
		0C6A740A26927C7400275A9B /* BalanceWidgetExtension */ = {
			isa = PBXNativeTarget;
			buildConfigurationList = 0C6A741D26927C7500275A9B /* Build configuration list for PBXNativeTarget "BalanceWidgetExtension" */;
			buildPhases = (
				0C6A740726927C7400275A9B /* Sources */,
				0C6A740826927C7400275A9B /* Frameworks */,
				0C6A740926927C7400275A9B /* Resources */,
			);
			buildRules = (
			);
			dependencies = (
			);
			name = BalanceWidgetExtension;
			productName = BalanceWidgetExtension;
			productReference = 0C6A740B26927C7400275A9B /* BalanceWidgetExtension.appex */;
			productType = "com.apple.product-type.app-extension";
		};
/* End PBXNativeTarget section */

/* Begin PBXProject section */
		0C2A057B265CAA44002BD46D /* Project object */ = {
			isa = PBXProject;
			attributes = {
				LastSwiftUpdateCheck = 1250;
				LastUpgradeCheck = 1240;
				TargetAttributes = {
					0C2A0582265CAA44002BD46D = {
						CreatedOnToolsVersion = 12.4;
					};
					0C6A740A26927C7400275A9B = {
						CreatedOnToolsVersion = 12.5;
					};
				};
			};
			buildConfigurationList = 0C2A057E265CAA44002BD46D /* Build configuration list for PBXProject "split" */;
			compatibilityVersion = "Xcode 9.3";
			developmentRegion = en;
			hasScannedForEncodings = 0;
			knownRegions = (
				en,
				Base,
			);
			mainGroup = 0C2A057A265CAA44002BD46D;
			packageReferences = (
				0C04B212269267B600B2DF2C /* XCRemoteSwiftPackageReference "firebase-ios-sdk" */,
			);
			productRefGroup = 0C2A0584265CAA44002BD46D /* Products */;
			projectDirPath = "";
			projectRoot = "";
			targets = (
				0C2A0582265CAA44002BD46D /* split */,
				0C6A740A26927C7400275A9B /* BalanceWidgetExtension */,
			);
		};
/* End PBXProject section */

/* Begin PBXResourcesBuildPhase section */
		0C2A0581265CAA44002BD46D /* Resources */ = {
			isa = PBXResourcesBuildPhase;
			buildActionMask = 2147483647;
			files = (
				0CD117962687AC800093426F /* Default@2x.png in Resources */,
				0CD117A62687ACCC0093426F /* Depth.png in Resources */,
				0CD117862687AC800093426F /* Shadow-black@2x.png in Resources */,
				0CD1179E2687AC800093426F /* Neon-blue@2x.png in Resources */,
				0CD117912687AC800093426F /* Shadow-white@3x.png in Resources */,
				0CD117AC2687ACDE0093426F /* Neon-blue.png in Resources */,
				0CD117AF2687ACE60093426F /* Neon-pink.png in Resources */,
				0CD117BA2687AD060093426F /* Shadow-white.png in Resources */,
				0CD1178C2687AC800093426F /* Default-inverse@3x.png in Resources */,
				0CD117892687AC800093426F /* Depth@2x.png in Resources */,
				0CD1179B2687AC800093426F /* Name@3x.png in Resources */,
				0CD117972687AC800093426F /* Shadow-white@2x.png in Resources */,
				0C210D6726811F42008220B6 /* leave.mp3 in Resources */,
				0C2A058E265CAA44002BD46D /* Preview Assets.xcassets in Resources */,
				0CD117842687AC800093426F /* Soft-black@2x.png in Resources */,
				0CD117822687AC800093426F /* Depth-inverse@3x.png in Resources */,
				0CD117932687AC800093426F /* Neon-pink@2x.png in Resources */,
				0CD1176F2687AC800093426F /* Neon-pink@3x.png in Resources */,
				0CD1179D2687AC800093426F /* Name@2x.png in Resources */,
				0CD117B22687ACF20093426F /* Rainbow-angle.png in Resources */,
				0CD1178A2687AC800093426F /* Name-inverse@2x.png in Resources */,
				0CD117A42687ACC60093426F /* Default-inverse.png in Resources */,
				0CD1177E2687AC800093426F /* Rainbow-vertical@2x.png in Resources */,
				0CD1179A2687AC800093426F /* Name-inverse@3x.png in Resources */,
				0C210D6826811F42008220B6 /* admin.mp3 in Resources */,
				0CD117B92687AD060093426F /* Shadow-black.png in Resources */,
				0C210D6926811F42008220B6 /* pay.mp3 in Resources */,
				0CD117C02687D7FD0093426F /* Launch Screen.storyboard in Resources */,
				0CD117762687AC800093426F /* Rainbow-angle@2x.png in Resources */,
				0C210D6A26811F42008220B6 /* req.mp3 in Resources */,
				0CD117922687AC800093426F /* Soft-black@3x.png in Resources */,
				0CD117902687AC800093426F /* Rainbow@3x.png in Resources */,
				0CD117B42687ACF70093426F /* Rainbow-vertical.png in Resources */,
				0C9570C82670E9BC00831D17 /* GoogleService-Info.plist in Resources */,
				0CD1179C2687AC800093426F /* Default-inverse@2x.png in Resources */,
				0CD1177F2687AC800093426F /* Soft-white@3x.png in Resources */,
				0CD117A82687ACD30093426F /* Name-inverse.png in Resources */,
				0CD1178B2687AC800093426F /* Neon-blue@3x.png in Resources */,
				0CD117702687AC800093426F /* Depth@3x.png in Resources */,
				0CD1177B2687AC800093426F /* Shadow-black@3x.png in Resources */,
				0CD117B62687ACFC0093426F /* Rainbow.png in Resources */,
				0CD117802687AC800093426F /* Neon-green@3x.png in Resources */,
				0C210D6B26811F42008220B6 /* join.mp3 in Resources */,
				0CD1178E2687AC800093426F /* Rainbow-vertical@3x.png in Resources */,
				0CD117BD2687AD110093426F /* Soft-white.png in Resources */,
				0CD1178D2687AC800093426F /* Rainbow-angle@3x.png in Resources */,
				0CD117782687AC800093426F /* Rainbow@2x.png in Resources */,
				0CD117A22687ACBE0093426F /* Default.png in Resources */,
				0CD117872687AC800093426F /* Neon-green@2x.png in Resources */,
				0CD117792687AC800093426F /* Soft-white@2x.png in Resources */,
				0C2A058B265CAA44002BD46D /* Assets.xcassets in Resources */,
				0CD117AA2687ACD80093426F /* Name.png in Resources */,
				0CD117A02687ACAE0093426F /* Depth-inverse.png in Resources */,
				0CD1177A2687AC800093426F /* Depth-inverse@2x.png in Resources */,
				0CD1177D2687AC800093426F /* Default@3x.png in Resources */,
				0CD117B02687ACE60093426F /* Neon-green.png in Resources */,
				0CD117BE2687AD110093426F /* Soft-black.png in Resources */,
			);
			runOnlyForDeploymentPostprocessing = 0;
		};
		0C6A740926927C7400275A9B /* Resources */ = {
			isa = PBXResourcesBuildPhase;
			buildActionMask = 2147483647;
			files = (
				0C6A741526927C7500275A9B /* Assets.xcassets in Resources */,
			);
			runOnlyForDeploymentPostprocessing = 0;
		};
/* End PBXResourcesBuildPhase section */

/* Begin PBXSourcesBuildPhase section */
		0C2A057F265CAA44002BD46D /* Sources */ = {
			isa = PBXSourcesBuildPhase;
			buildActionMask = 2147483647;
			files = (
				0C2A059D265CB123002BD46D /* Fetch.swift in Sources */,
				0C64FED6265EDA9E009B0C3C /* GeneralRequestCell.swift in Sources */,
				0C2A0589265CAA44002BD46D /* Main.swift in Sources */,
				0CBF09F7265D8F370016CA92 /* MembersView.swift in Sources */,
				0C2A05A0265CB17D002BD46D /* House.swift in Sources */,
				0C625972265EA868002E58A3 /* Payment.swift in Sources */,
				0CBF09F4265D8F140016CA92 /* ActivityView.swift in Sources */,
				0C210D6D26812AE7008220B6 /* MailView.swift in Sources */,
				0CA0E9C5266038EB002876CF /* NoProfileView.swift in Sources */,
				0C64FEDA265EED43009B0C3C /* ImagePicker.swift in Sources */,
				0CD1173E2687A4E40093426F /* AlternateIconRow.swift in Sources */,
				0C9D26CF265F263E006A7AF6 /* String+isNumeric.swift in Sources */,
				0C0CA77A265EF4D20062FDDD /* UIImage+resized.swift in Sources */,
				0C625991265EB440002E58A3 /* HeaderText.swift in Sources */,
				0CA0E9C126603809002876CF /* WaitingRoomView.swift in Sources */,
				0C0CA77E265F01BE0062FDDD /* PaymentPaymentView.swift in Sources */,
				0C0CA784265F08CD0062FDDD /* MemberPicker.swift in Sources */,
				0CBF09FD265D8F730016CA92 /* PaymentView.swift in Sources */,
				0CEE3827265E16700013BB12 /* MemberDetailsView.swift in Sources */,
				0C15F8912685026E006BF2B0 /* KeyboardReadable.swift in Sources */,
				0C016A9D2687E72700EFFC3E /* UIImage+rotate.swift in Sources */,
				0CBF0A00265D91640016CA92 /* TabsView.swift in Sources */,
				0C0CA781265F01F10062FDDD /* RequestPaymentView.swift in Sources */,
				0CD117C22687DBD40093426F /* ImageCroppingView.swift in Sources */,
				0CAA803B2661CC4A00A3081B /* SplashView.swift in Sources */,
				0C64FED3265ED9F4009B0C3C /* ActivityRequestCell.swift in Sources */,
				0CA0E9BD2660369D002876CF /* ModalView.swift in Sources */,
				0CA0E9CA26603A32002876CF /* EditProfileView.swift in Sources */,
				0C833CEB267275F9000E2F0C /* Date+timeAgo.swift in Sources */,
				0C95131E265DB7C0005398CF /* MemberCell.swift in Sources */,
				0CA0E9CD26604315002876CF /* View+allowAutoDismiss.swift in Sources */,
				0CBF09FA265D8F510016CA92 /* ProfileView.swift in Sources */,
				0C2A0587265CAA44002BD46D /* splitApp.swift in Sources */,
				0C7C87F726851F6A0040BFA7 /* AlternateIconButton.swift in Sources */,
				0CBF0A03265D91B00016CA92 /* TabBar.swift in Sources */,
				0C951305265DAE6D005398CF /* Member.swift in Sources */,
				0C64FECD265EC57F009B0C3C /* GeneralPaymentCell.swift in Sources */,
				0CEE382E265E1CE00013BB12 /* MemberPaymentInfoView.swift in Sources */,
				0C64FED0265ECB87009B0C3C /* TimeBar.swift in Sources */,
				0C210D6F26813075008220B6 /* LinkInviteView.swift in Sources */,
				0CAA80372661860600A3081B /* ActivityAnnouncementCell.swift in Sources */,
				0C625979265EAF07002E58A3 /* ActivityPaymentCell.swift in Sources */,
			);
			runOnlyForDeploymentPostprocessing = 0;
		};
		0C6A740726927C7400275A9B /* Sources */ = {
			isa = PBXSourcesBuildPhase;
			buildActionMask = 2147483647;
			files = (
				0C6A741326927C7400275A9B /* BalanceWidget.swift in Sources */,
				0C6A742126927DB500275A9B /* BalanceEntry.swift in Sources */,
			);
			runOnlyForDeploymentPostprocessing = 0;
		};
/* End PBXSourcesBuildPhase section */

/* Begin PBXTargetDependency section */
		0C6A741826927C7500275A9B /* PBXTargetDependency */ = {
			isa = PBXTargetDependency;
			target = 0C6A740A26927C7400275A9B /* BalanceWidgetExtension */;
			targetProxy = 0C6A741726927C7500275A9B /* PBXContainerItemProxy */;
		};
/* End PBXTargetDependency section */

/* Begin XCBuildConfiguration section */
		0C2A0590265CAA44002BD46D /* Debug */ = {
			isa = XCBuildConfiguration;
			buildSettings = {
				ALWAYS_SEARCH_USER_PATHS = NO;
				CLANG_ANALYZER_NONNULL = YES;
				CLANG_ANALYZER_NUMBER_OBJECT_CONVERSION = YES_AGGRESSIVE;
				CLANG_CXX_LANGUAGE_STANDARD = "gnu++14";
				CLANG_CXX_LIBRARY = "libc++";
				CLANG_ENABLE_MODULES = YES;
				CLANG_ENABLE_OBJC_ARC = YES;
				CLANG_ENABLE_OBJC_WEAK = YES;
				CLANG_WARN_BLOCK_CAPTURE_AUTORELEASING = YES;
				CLANG_WARN_BOOL_CONVERSION = YES;
				CLANG_WARN_COMMA = YES;
				CLANG_WARN_CONSTANT_CONVERSION = YES;
				CLANG_WARN_DEPRECATED_OBJC_IMPLEMENTATIONS = YES;
				CLANG_WARN_DIRECT_OBJC_ISA_USAGE = YES_ERROR;
				CLANG_WARN_DOCUMENTATION_COMMENTS = YES;
				CLANG_WARN_EMPTY_BODY = YES;
				CLANG_WARN_ENUM_CONVERSION = YES;
				CLANG_WARN_INFINITE_RECURSION = YES;
				CLANG_WARN_INT_CONVERSION = YES;
				CLANG_WARN_NON_LITERAL_NULL_CONVERSION = YES;
				CLANG_WARN_OBJC_IMPLICIT_RETAIN_SELF = YES;
				CLANG_WARN_OBJC_LITERAL_CONVERSION = YES;
				CLANG_WARN_OBJC_ROOT_CLASS = YES_ERROR;
				CLANG_WARN_QUOTED_INCLUDE_IN_FRAMEWORK_HEADER = YES;
				CLANG_WARN_RANGE_LOOP_ANALYSIS = YES;
				CLANG_WARN_STRICT_PROTOTYPES = YES;
				CLANG_WARN_SUSPICIOUS_MOVE = YES;
				CLANG_WARN_UNGUARDED_AVAILABILITY = YES_AGGRESSIVE;
				CLANG_WARN_UNREACHABLE_CODE = YES;
				CLANG_WARN__DUPLICATE_METHOD_MATCH = YES;
				COPY_PHASE_STRIP = NO;
				DEBUG_INFORMATION_FORMAT = dwarf;
				ENABLE_STRICT_OBJC_MSGSEND = YES;
				ENABLE_TESTABILITY = YES;
				GCC_C_LANGUAGE_STANDARD = gnu11;
				GCC_DYNAMIC_NO_PIC = NO;
				GCC_NO_COMMON_BLOCKS = YES;
				GCC_OPTIMIZATION_LEVEL = 0;
				GCC_PREPROCESSOR_DEFINITIONS = (
					"DEBUG=1",
					"$(inherited)",
				);
				GCC_WARN_64_TO_32_BIT_CONVERSION = YES;
				GCC_WARN_ABOUT_RETURN_TYPE = YES_ERROR;
				GCC_WARN_UNDECLARED_SELECTOR = YES;
				GCC_WARN_UNINITIALIZED_AUTOS = YES_AGGRESSIVE;
				GCC_WARN_UNUSED_FUNCTION = YES;
				GCC_WARN_UNUSED_VARIABLE = YES;
				IPHONEOS_DEPLOYMENT_TARGET = 14.4;
				MTL_ENABLE_DEBUG_INFO = INCLUDE_SOURCE;
				MTL_FAST_MATH = YES;
				ONLY_ACTIVE_ARCH = YES;
				OTHER_LDFLAGS = "";
				SDKROOT = iphoneos;
				SWIFT_ACTIVE_COMPILATION_CONDITIONS = DEBUG;
				SWIFT_OPTIMIZATION_LEVEL = "-Onone";
			};
			name = Debug;
		};
		0C2A0591265CAA44002BD46D /* Release */ = {
			isa = XCBuildConfiguration;
			buildSettings = {
				ALWAYS_SEARCH_USER_PATHS = NO;
				CLANG_ANALYZER_NONNULL = YES;
				CLANG_ANALYZER_NUMBER_OBJECT_CONVERSION = YES_AGGRESSIVE;
				CLANG_CXX_LANGUAGE_STANDARD = "gnu++14";
				CLANG_CXX_LIBRARY = "libc++";
				CLANG_ENABLE_MODULES = YES;
				CLANG_ENABLE_OBJC_ARC = YES;
				CLANG_ENABLE_OBJC_WEAK = YES;
				CLANG_WARN_BLOCK_CAPTURE_AUTORELEASING = YES;
				CLANG_WARN_BOOL_CONVERSION = YES;
				CLANG_WARN_COMMA = YES;
				CLANG_WARN_CONSTANT_CONVERSION = YES;
				CLANG_WARN_DEPRECATED_OBJC_IMPLEMENTATIONS = YES;
				CLANG_WARN_DIRECT_OBJC_ISA_USAGE = YES_ERROR;
				CLANG_WARN_DOCUMENTATION_COMMENTS = YES;
				CLANG_WARN_EMPTY_BODY = YES;
				CLANG_WARN_ENUM_CONVERSION = YES;
				CLANG_WARN_INFINITE_RECURSION = YES;
				CLANG_WARN_INT_CONVERSION = YES;
				CLANG_WARN_NON_LITERAL_NULL_CONVERSION = YES;
				CLANG_WARN_OBJC_IMPLICIT_RETAIN_SELF = YES;
				CLANG_WARN_OBJC_LITERAL_CONVERSION = YES;
				CLANG_WARN_OBJC_ROOT_CLASS = YES_ERROR;
				CLANG_WARN_QUOTED_INCLUDE_IN_FRAMEWORK_HEADER = YES;
				CLANG_WARN_RANGE_LOOP_ANALYSIS = YES;
				CLANG_WARN_STRICT_PROTOTYPES = YES;
				CLANG_WARN_SUSPICIOUS_MOVE = YES;
				CLANG_WARN_UNGUARDED_AVAILABILITY = YES_AGGRESSIVE;
				CLANG_WARN_UNREACHABLE_CODE = YES;
				CLANG_WARN__DUPLICATE_METHOD_MATCH = YES;
				COPY_PHASE_STRIP = NO;
				DEBUG_INFORMATION_FORMAT = "dwarf-with-dsym";
				ENABLE_NS_ASSERTIONS = NO;
				ENABLE_STRICT_OBJC_MSGSEND = YES;
				GCC_C_LANGUAGE_STANDARD = gnu11;
				GCC_NO_COMMON_BLOCKS = YES;
				GCC_WARN_64_TO_32_BIT_CONVERSION = YES;
				GCC_WARN_ABOUT_RETURN_TYPE = YES_ERROR;
				GCC_WARN_UNDECLARED_SELECTOR = YES;
				GCC_WARN_UNINITIALIZED_AUTOS = YES_AGGRESSIVE;
				GCC_WARN_UNUSED_FUNCTION = YES;
				GCC_WARN_UNUSED_VARIABLE = YES;
				IPHONEOS_DEPLOYMENT_TARGET = 14.4;
				MTL_ENABLE_DEBUG_INFO = NO;
				MTL_FAST_MATH = YES;
				OTHER_LDFLAGS = "";
				SDKROOT = iphoneos;
				SWIFT_COMPILATION_MODE = wholemodule;
				SWIFT_OPTIMIZATION_LEVEL = "-O";
				VALIDATE_PRODUCT = YES;
			};
			name = Release;
		};
		0C2A0593265CAA44002BD46D /* Debug */ = {
			isa = XCBuildConfiguration;
			buildSettings = {
				ALWAYS_EMBED_SWIFT_STANDARD_LIBRARIES = YES;
				ASSETCATALOG_COMPILER_APPICON_NAME = DefaultIcon;
				ASSETCATALOG_COMPILER_GLOBAL_ACCENT_COLOR_NAME = AccentColor;
				CODE_SIGN_ENTITLEMENTS = split/split.entitlements;
				CODE_SIGN_IDENTITY = "Apple Development";
				CODE_SIGN_STYLE = Automatic;
				CURRENT_PROJECT_VERSION = 1;
				DEVELOPMENT_ASSET_PATHS = "\"split/Preview Content\"";
				DEVELOPMENT_TEAM = BLAVQ37GJV;
				ENABLE_PREVIEWS = YES;
				INFOPLIST_FILE = split/Info.plist;
				IPHONEOS_DEPLOYMENT_TARGET = 14.0;
				LD_RUNPATH_SEARCH_PATHS = (
					"$(inherited)",
					"@executable_path/Frameworks",
				);
				MARKETING_VERSION = 2.1.0;
				OTHER_LDFLAGS = "-ObjC";
				PRODUCT_BUNDLE_IDENTIFIER = com.jtepp.spllit;
				PRODUCT_NAME = "$(TARGET_NAME)";
				PROVISIONING_PROFILE_SPECIFIER = "";
				SWIFT_VERSION = 5.0;
				TARGETED_DEVICE_FAMILY = 1;
			};
			name = Debug;
		};
		0C2A0594265CAA44002BD46D /* Release */ = {
			isa = XCBuildConfiguration;
			buildSettings = {
				ALWAYS_EMBED_SWIFT_STANDARD_LIBRARIES = YES;
				ASSETCATALOG_COMPILER_APPICON_NAME = DefaultIcon;
				ASSETCATALOG_COMPILER_GLOBAL_ACCENT_COLOR_NAME = AccentColor;
				CODE_SIGN_ENTITLEMENTS = split/split.entitlements;
				CODE_SIGN_IDENTITY = "Apple Development";
				CODE_SIGN_STYLE = Automatic;
				CURRENT_PROJECT_VERSION = 1;
				DEVELOPMENT_ASSET_PATHS = "\"split/Preview Content\"";
				DEVELOPMENT_TEAM = BLAVQ37GJV;
				ENABLE_PREVIEWS = YES;
				INFOPLIST_FILE = split/Info.plist;
				IPHONEOS_DEPLOYMENT_TARGET = 14.0;
				LD_RUNPATH_SEARCH_PATHS = (
					"$(inherited)",
					"@executable_path/Frameworks",
				);
				MARKETING_VERSION = 2.1.0;
				OTHER_LDFLAGS = "-ObjC";
				PRODUCT_BUNDLE_IDENTIFIER = com.jtepp.spllit;
				PRODUCT_NAME = "$(TARGET_NAME)";
				PROVISIONING_PROFILE_SPECIFIER = "";
				SWIFT_VERSION = 5.0;
				TARGETED_DEVICE_FAMILY = 1;
			};
			name = Release;
		};
		0C6A741B26927C7500275A9B /* Debug */ = {
			isa = XCBuildConfiguration;
			buildSettings = {
				ASSETCATALOG_COMPILER_GLOBAL_ACCENT_COLOR_NAME = AccentColor;
				ASSETCATALOG_COMPILER_WIDGET_BACKGROUND_COLOR_NAME = WidgetBackground;
				CODE_SIGN_ENTITLEMENTS = BalanceWidgetExtension.entitlements;
				CODE_SIGN_IDENTITY = "Apple Development";
				CODE_SIGN_STYLE = Automatic;
				DEVELOPMENT_TEAM = BLAVQ37GJV;
				INFOPLIST_FILE = BalanceWidget/Info.plist;
				IPHONEOS_DEPLOYMENT_TARGET = 14.5;
				LD_RUNPATH_SEARCH_PATHS = (
					"$(inherited)",
					"@executable_path/Frameworks",
					"@executable_path/../../Frameworks",
				);
				MARKETING_VERSION = 2.1.0;
				PRODUCT_BUNDLE_IDENTIFIER = com.jtepp.spllit.BalanceWidget;
				PRODUCT_NAME = "$(TARGET_NAME)";
				SKIP_INSTALL = YES;
				SWIFT_VERSION = 5.0;
				TARGETED_DEVICE_FAMILY = "1,2";
			};
			name = Debug;
		};
		0C6A741C26927C7500275A9B /* Release */ = {
			isa = XCBuildConfiguration;
			buildSettings = {
				ASSETCATALOG_COMPILER_GLOBAL_ACCENT_COLOR_NAME = AccentColor;
				ASSETCATALOG_COMPILER_WIDGET_BACKGROUND_COLOR_NAME = WidgetBackground;
				CODE_SIGN_ENTITLEMENTS = BalanceWidgetExtension.entitlements;
				CODE_SIGN_IDENTITY = "Apple Development";
				CODE_SIGN_STYLE = Automatic;
				DEVELOPMENT_TEAM = BLAVQ37GJV;
				INFOPLIST_FILE = BalanceWidget/Info.plist;
				IPHONEOS_DEPLOYMENT_TARGET = 14.5;
				LD_RUNPATH_SEARCH_PATHS = (
					"$(inherited)",
					"@executable_path/Frameworks",
					"@executable_path/../../Frameworks",
				);
				MARKETING_VERSION = 2.1.0;
				PRODUCT_BUNDLE_IDENTIFIER = com.jtepp.spllit.BalanceWidget;
				PRODUCT_NAME = "$(TARGET_NAME)";
				SKIP_INSTALL = YES;
				SWIFT_VERSION = 5.0;
				TARGETED_DEVICE_FAMILY = "1,2";
			};
			name = Release;
		};
/* End XCBuildConfiguration section */

/* Begin XCConfigurationList section */
		0C2A057E265CAA44002BD46D /* Build configuration list for PBXProject "split" */ = {
			isa = XCConfigurationList;
			buildConfigurations = (
				0C2A0590265CAA44002BD46D /* Debug */,
				0C2A0591265CAA44002BD46D /* Release */,
			);
			defaultConfigurationIsVisible = 0;
			defaultConfigurationName = Release;
		};
		0C2A0592265CAA44002BD46D /* Build configuration list for PBXNativeTarget "split" */ = {
			isa = XCConfigurationList;
			buildConfigurations = (
				0C2A0593265CAA44002BD46D /* Debug */,
				0C2A0594265CAA44002BD46D /* Release */,
			);
			defaultConfigurationIsVisible = 0;
			defaultConfigurationName = Release;
		};
		0C6A741D26927C7500275A9B /* Build configuration list for PBXNativeTarget "BalanceWidgetExtension" */ = {
			isa = XCConfigurationList;
			buildConfigurations = (
				0C6A741B26927C7500275A9B /* Debug */,
				0C6A741C26927C7500275A9B /* Release */,
			);
			defaultConfigurationIsVisible = 0;
			defaultConfigurationName = Release;
		};
/* End XCConfigurationList section */

/* Begin XCRemoteSwiftPackageReference section */
		0C04B212269267B600B2DF2C /* XCRemoteSwiftPackageReference "firebase-ios-sdk" */ = {
			isa = XCRemoteSwiftPackageReference;
			repositoryURL = "https://github.com/firebase/firebase-ios-sdk.git";
			requirement = {
				kind = upToNextMajorVersion;
				minimumVersion = 8.2.0;
			};
		};
/* End XCRemoteSwiftPackageReference section */

/* Begin XCSwiftPackageProductDependency section */
		0C04B213269267B600B2DF2C /* FirebaseAnalytics */ = {
			isa = XCSwiftPackageProductDependency;
			package = 0C04B212269267B600B2DF2C /* XCRemoteSwiftPackageReference "firebase-ios-sdk" */;
			productName = FirebaseAnalytics;
		};
		0C04B215269267B600B2DF2C /* FirebaseFirestore */ = {
			isa = XCSwiftPackageProductDependency;
			package = 0C04B212269267B600B2DF2C /* XCRemoteSwiftPackageReference "firebase-ios-sdk" */;
			productName = FirebaseFirestore;
		};
		0C04B217269267B600B2DF2C /* FirebaseMessaging */ = {
			isa = XCSwiftPackageProductDependency;
			package = 0C04B212269267B600B2DF2C /* XCRemoteSwiftPackageReference "firebase-ios-sdk" */;
			productName = FirebaseMessaging;
		};
/* End XCSwiftPackageProductDependency section */
	};
	rootObject = 0C2A057B265CAA44002BD46D /* Project object */;
}
